
Microsoft Visual Studio Solution File, Format Version 12.00
# Visual Studio 15
VisualStudioVersion = 15.0.26730.12
MinimumVisualStudioVersion = 10.0.40219.1
Project("{9A19103F-16F7-4668-BE54-9A1E7A4F7556}") = "Forms.Controls", "Forms.Controls\Forms.Controls.csproj", "{C609376A-8ACD-4651-B6B7-95F4630F671F}"
EndProject
Project("{FAE04EC0-301F-11D3-BF4B-00C04F79EFBC}") = "Forms.Controls.Android", "Forms.Controls.Android\Forms.Controls.Android.csproj", "{8231D850-4341-4EE5-8189-2FFE94C3B817}"
EndProject
Project("{FAE04EC0-301F-11D3-BF4B-00C04F79EFBC}") = "Forms.Controls.iOS", "Forms.Controls.iOS\Forms.Controls.iOS.csproj", "{1A2066A2-1606-474E-B86F-A31AFE13EF89}"
EndProject
Project("{FAE04EC0-301F-11D3-BF4B-00C04F79EFBC}") = "Forms.Uwp.Controls", "Forms.Uwp.Controls\Forms.Uwp.Controls.csproj", "{85C79395-1BB9-44EB-BA59-D64474E5C366}"
EndProject
Global
	GlobalSection(SolutionConfigurationPlatforms) = preSolution
		Debug|Any CPU = Debug|Any CPU
		Debug|ARM = Debug|ARM
		Debug|x64 = Debug|x64
		Debug|x86 = Debug|x86
		Release|Any CPU = Release|Any CPU
		Release|ARM = Release|ARM
		Release|x64 = Release|x64
		Release|x86 = Release|x86
	EndGlobalSection
	GlobalSection(ProjectConfigurationPlatforms) = postSolution
		{C609376A-8ACD-4651-B6B7-95F4630F671F}.Debug|Any CPU.ActiveCfg = Debug|Any CPU
		{C609376A-8ACD-4651-B6B7-95F4630F671F}.Debug|Any CPU.Build.0 = Debug|Any CPU
		{C609376A-8ACD-4651-B6B7-95F4630F671F}.Debug|ARM.ActiveCfg = Debug|Any CPU
		{C609376A-8ACD-4651-B6B7-95F4630F671F}.Debug|ARM.Build.0 = Debug|Any CPU
		{C609376A-8ACD-4651-B6B7-95F4630F671F}.Debug|x64.ActiveCfg = Debug|Any CPU
		{C609376A-8ACD-4651-B6B7-95F4630F671F}.Debug|x64.Build.0 = Debug|Any CPU
		{C609376A-8ACD-4651-B6B7-95F4630F671F}.Debug|x86.ActiveCfg = Debug|Any CPU
		{C609376A-8ACD-4651-B6B7-95F4630F671F}.Debug|x86.Build.0 = Debug|Any CPU
		{C609376A-8ACD-4651-B6B7-95F4630F671F}.Release|Any CPU.ActiveCfg = Release|Any CPU
		{C609376A-8ACD-4651-B6B7-95F4630F671F}.Release|Any CPU.Build.0 = Release|Any CPU
		{C609376A-8ACD-4651-B6B7-95F4630F671F}.Release|ARM.ActiveCfg = Release|Any CPU
		{C609376A-8ACD-4651-B6B7-95F4630F671F}.Release|ARM.Build.0 = Release|Any CPU
		{C609376A-8ACD-4651-B6B7-95F4630F671F}.Release|x64.ActiveCfg = Release|Any CPU
		{C609376A-8ACD-4651-B6B7-95F4630F671F}.Release|x64.Build.0 = Release|Any CPU
		{C609376A-8ACD-4651-B6B7-95F4630F671F}.Release|x86.ActiveCfg = Release|Any CPU
		{C609376A-8ACD-4651-B6B7-95F4630F671F}.Release|x86.Build.0 = Release|Any CPU
		{8231D850-4341-4EE5-8189-2FFE94C3B817}.Debug|Any CPU.ActiveCfg = Debug|Any CPU
		{8231D850-4341-4EE5-8189-2FFE94C3B817}.Debug|Any CPU.Build.0 = Debug|Any CPU
		{8231D850-4341-4EE5-8189-2FFE94C3B817}.Debug|ARM.ActiveCfg = Debug|Any CPU
		{8231D850-4341-4EE5-8189-2FFE94C3B817}.Debug|ARM.Build.0 = Debug|Any CPU
		{8231D850-4341-4EE5-8189-2FFE94C3B817}.Debug|x64.ActiveCfg = Debug|Any CPU
		{8231D850-4341-4EE5-8189-2FFE94C3B817}.Debug|x64.Build.0 = Debug|Any CPU
		{8231D850-4341-4EE5-8189-2FFE94C3B817}.Debug|x86.ActiveCfg = Debug|Any CPU
		{8231D850-4341-4EE5-8189-2FFE94C3B817}.Debug|x86.Build.0 = Debug|Any CPU
		{8231D850-4341-4EE5-8189-2FFE94C3B817}.Release|Any CPU.ActiveCfg = Release|Any CPU
		{8231D850-4341-4EE5-8189-2FFE94C3B817}.Release|Any CPU.Build.0 = Release|Any CPU
		{8231D850-4341-4EE5-8189-2FFE94C3B817}.Release|ARM.ActiveCfg = Release|Any CPU
		{8231D850-4341-4EE5-8189-2FFE94C3B817}.Release|ARM.Build.0 = Release|Any CPU
		{8231D850-4341-4EE5-8189-2FFE94C3B817}.Release|x64.ActiveCfg = Release|Any CPU
		{8231D850-4341-4EE5-8189-2FFE94C3B817}.Release|x64.Build.0 = Release|Any CPU
		{8231D850-4341-4EE5-8189-2FFE94C3B817}.Release|x86.ActiveCfg = Release|Any CPU
		{8231D850-4341-4EE5-8189-2FFE94C3B817}.Release|x86.Build.0 = Release|Any CPU
		{1A2066A2-1606-474E-B86F-A31AFE13EF89}.Debug|Any CPU.ActiveCfg = Debug|Any CPU
		{1A2066A2-1606-474E-B86F-A31AFE13EF89}.Debug|Any CPU.Build.0 = Debug|Any CPU
		{1A2066A2-1606-474E-B86F-A31AFE13EF89}.Debug|ARM.ActiveCfg = Debug|Any CPU
		{1A2066A2-1606-474E-B86F-A31AFE13EF89}.Debug|ARM.Build.0 = Debug|Any CPU
		{1A2066A2-1606-474E-B86F-A31AFE13EF89}.Debug|x64.ActiveCfg = Debug|Any CPU
		{1A2066A2-1606-474E-B86F-A31AFE13EF89}.Debug|x64.Build.0 = Debug|Any CPU
		{1A2066A2-1606-474E-B86F-A31AFE13EF89}.Debug|x86.ActiveCfg = Debug|Any CPU
		{1A2066A2-1606-474E-B86F-A31AFE13EF89}.Debug|x86.Build.0 = Debug|Any CPU
		{1A2066A2-1606-474E-B86F-A31AFE13EF89}.Release|Any CPU.ActiveCfg = Release|Any CPU
		{1A2066A2-1606-474E-B86F-A31AFE13EF89}.Release|Any CPU.Build.0 = Release|Any CPU
		{1A2066A2-1606-474E-B86F-A31AFE13EF89}.Release|ARM.ActiveCfg = Release|Any CPU
		{1A2066A2-1606-474E-B86F-A31AFE13EF89}.Release|ARM.Build.0 = Release|Any CPU
		{1A2066A2-1606-474E-B86F-A31AFE13EF89}.Release|x64.ActiveCfg = Release|Any CPU
		{1A2066A2-1606-474E-B86F-A31AFE13EF89}.Release|x64.Build.0 = Release|Any CPU
		{1A2066A2-1606-474E-B86F-A31AFE13EF89}.Release|x86.ActiveCfg = Release|Any CPU
		{1A2066A2-1606-474E-B86F-A31AFE13EF89}.Release|x86.Build.0 = Release|Any CPU
		{85C79395-1BB9-44EB-BA59-D64474E5C366}.Debug|Any CPU.ActiveCfg = Debug|Any CPU
		{85C79395-1BB9-44EB-BA59-D64474E5C366}.Debug|Any CPU.Build.0 = Debug|Any CPU
		{85C79395-1BB9-44EB-BA59-D64474E5C366}.Debug|ARM.ActiveCfg = Debug|ARM
		{85C79395-1BB9-44EB-BA59-D64474E5C366}.Debug|ARM.Build.0 = Debug|ARM
		{85C79395-1BB9-44EB-BA59-D64474E5C366}.Debug|x64.ActiveCfg = Debug|x64
		{85C79395-1BB9-44EB-BA59-D64474E5C366}.Debug|x64.Build.0 = Debug|x64
		{85C79395-1BB9-44EB-BA59-D64474E5C366}.Debug|x86.ActiveCfg = Debug|x86
		{85C79395-1BB9-44EB-BA59-D64474E5C366}.Debug|x86.Build.0 = Debug|x86
		{85C79395-1BB9-44EB-BA59-D64474E5C366}.Release|Any CPU.ActiveCfg = Release|Any CPU
		{85C79395-1BB9-44EB-BA59-D64474E5C366}.Release|Any CPU.Build.0 = Release|Any CPU
		{85C79395-1BB9-44EB-BA59-D64474E5C366}.Release|ARM.ActiveCfg = Release|ARM
		{85C79395-1BB9-44EB-BA59-D64474E5C366}.Release|ARM.Build.0 = Release|ARM
		{85C79395-1BB9-44EB-BA59-D64474E5C366}.Release|x64.ActiveCfg = Release|x64
		{85C79395-1BB9-44EB-BA59-D64474E5C366}.Release|x64.Build.0 = Release|x64
		{85C79395-1BB9-44EB-BA59-D64474E5C366}.Release|x86.ActiveCfg = Release|x86
		{85C79395-1BB9-44EB-BA59-D64474E5C366}.Release|x86.Build.0 = Release|x86
	EndGlobalSection
	GlobalSection(SolutionProperties) = preSolution
		HideSolutionNode = FALSE
	EndGlobalSection
	GlobalSection(ExtensibilityGlobals) = postSolution
		SolutionGuid = {F17A7009-3D99-4863-BBC2-33DC1CBA81F7}
	EndGlobalSection
EndGlobal
