
Microsoft Visual Studio Solution File, Format Version 12.00
# Visual Studio 15
VisualStudioVersion = 15.0.27130.2027
MinimumVisualStudioVersion = 10.0.40219.1
Project("{FAE04EC0-301F-11D3-BF4B-00C04F79EFBC}") = "SampleLocalApp.Android", "SampleLocalApp\SampleLocalApp.Android\SampleLocalApp.Android.csproj", "{74AF6AEF-7B1C-4EF5-B739-81336FEC3D10}"
EndProject
Project("{FAE04EC0-301F-11D3-BF4B-00C04F79EFBC}") = "SampleLocalApp.iOS", "SampleLocalApp\SampleLocalApp.iOS\SampleLocalApp.iOS.csproj", "{6BFE2F86-414D-4785-BA77-988D0819FE74}"
EndProject
Project("{FAE04EC0-301F-11D3-BF4B-00C04F79EFBC}") = "SampleLocalApp.UWP", "SampleLocalApp\SampleLocalApp.UWP\SampleLocalApp.UWP.csproj", "{E151A448-FA0F-4560-B4D3-764C5B9B3CF4}"
EndProject
Project("{9A19103F-16F7-4668-BE54-9A1E7A4F7556}") = "SampleLocalApp", "SampleLocalApp\SampleLocalApp\SampleLocalApp.csproj", "{E28D4717-3E7B-4864-BFDE-2BEE73105A48}"
EndProject
Project("{2150E333-8FDC-42A3-9474-1A3956D46DE8}") = "Library", "Library", "{01030587-B127-40B3-B6C6-9C3406B7A02B}"
EndProject
Project("{2150E333-8FDC-42A3-9474-1A3956D46DE8}") = "Local", "Local", "{E063273C-C77E-4D1A-9236-E048A370CE53}"
EndProject
Project("{9A19103F-16F7-4668-BE54-9A1E7A4F7556}") = "Forms.Controls", "..\Forms.Controls\Forms.Controls.csproj", "{36C91DED-47A4-48D4-B0A9-E392CE99022B}"
EndProject
Project("{FAE04EC0-301F-11D3-BF4B-00C04F79EFBC}") = "Forms.Controls.Android", "..\Forms.Controls.Android\Forms.Controls.Android.csproj", "{339BB092-5171-4BAF-B73B-D8E863F8FEE6}"
EndProject
Project("{FAE04EC0-301F-11D3-BF4B-00C04F79EFBC}") = "Forms.Controls.iOS", "..\Forms.Controls.iOS\Forms.Controls.iOS.csproj", "{8B8EC841-5519-4987-873B-BB573CC49601}"
EndProject
Project("{FAE04EC0-301F-11D3-BF4B-00C04F79EFBC}") = "Forms.Controls.Uwp", "..\Forms.Controls.Uwp\Forms.Controls.Uwp.csproj", "{C0DD1DB6-F847-4756-92C3-3BDE2D633CE3}"
EndProject
Project("{2150E333-8FDC-42A3-9474-1A3956D46DE8}") = "NuGet", "NuGet", "{D4AD038E-1E49-4ED9-8709-2A73B9A7C725}"
EndProject
Project("{FAE04EC0-301F-11D3-BF4B-00C04F79EFBC}") = "SampleNuGetApp.Android", "SampleNuGetApp\SampleNuGetApp.Android\SampleNuGetApp.Android.csproj", "{959EEF28-F631-43C0-8E19-F4BED8744EA9}"
EndProject
Project("{FAE04EC0-301F-11D3-BF4B-00C04F79EFBC}") = "SampleNuGetApp.iOS", "SampleNuGetApp\SampleNuGetApp.iOS\SampleNuGetApp.iOS.csproj", "{45ADE181-311F-4B1A-8094-9A984BEFDCF5}"
EndProject
Project("{FAE04EC0-301F-11D3-BF4B-00C04F79EFBC}") = "SampleNuGetApp.UWP", "SampleNuGetApp\SampleNuGetApp.UWP\SampleNuGetApp.UWP.csproj", "{1655B96F-4C04-42D0-8637-B63FD927BCF4}"
EndProject
Project("{FAE04EC0-301F-11D3-BF4B-00C04F79EFBC}") = "SampleNuGetApp", "SampleNuGetApp\SampleNuGetApp\SampleNuGetApp.csproj", "{349F193A-0F5E-4FFC-BF62-2E3B1944FCA1}"
EndProject
Global
	GlobalSection(SolutionConfigurationPlatforms) = preSolution
		Ad-Hoc|Any CPU = Ad-Hoc|Any CPU
		Ad-Hoc|ARM = Ad-Hoc|ARM
		Ad-Hoc|iPhone = Ad-Hoc|iPhone
		Ad-Hoc|iPhoneSimulator = Ad-Hoc|iPhoneSimulator
		Ad-Hoc|x64 = Ad-Hoc|x64
		Ad-Hoc|x86 = Ad-Hoc|x86
		AppStore|Any CPU = AppStore|Any CPU
		AppStore|ARM = AppStore|ARM
		AppStore|iPhone = AppStore|iPhone
		AppStore|iPhoneSimulator = AppStore|iPhoneSimulator
		AppStore|x64 = AppStore|x64
		AppStore|x86 = AppStore|x86
		Debug|Any CPU = Debug|Any CPU
		Debug|ARM = Debug|ARM
		Debug|iPhone = Debug|iPhone
		Debug|iPhoneSimulator = Debug|iPhoneSimulator
		Debug|x64 = Debug|x64
		Debug|x86 = Debug|x86
		Release|Any CPU = Release|Any CPU
		Release|ARM = Release|ARM
		Release|iPhone = Release|iPhone
		Release|iPhoneSimulator = Release|iPhoneSimulator
		Release|x64 = Release|x64
		Release|x86 = Release|x86
	EndGlobalSection
	GlobalSection(ProjectConfigurationPlatforms) = postSolution
		{74AF6AEF-7B1C-4EF5-B739-81336FEC3D10}.Ad-Hoc|Any CPU.ActiveCfg = Release|Any CPU
		{74AF6AEF-7B1C-4EF5-B739-81336FEC3D10}.Ad-Hoc|Any CPU.Build.0 = Release|Any CPU
		{74AF6AEF-7B1C-4EF5-B739-81336FEC3D10}.Ad-Hoc|Any CPU.Deploy.0 = Release|Any CPU
		{74AF6AEF-7B1C-4EF5-B739-81336FEC3D10}.Ad-Hoc|ARM.ActiveCfg = Release|Any CPU
		{74AF6AEF-7B1C-4EF5-B739-81336FEC3D10}.Ad-Hoc|ARM.Build.0 = Release|Any CPU
		{74AF6AEF-7B1C-4EF5-B739-81336FEC3D10}.Ad-Hoc|ARM.Deploy.0 = Release|Any CPU
		{74AF6AEF-7B1C-4EF5-B739-81336FEC3D10}.Ad-Hoc|iPhone.ActiveCfg = Release|Any CPU
		{74AF6AEF-7B1C-4EF5-B739-81336FEC3D10}.Ad-Hoc|iPhone.Build.0 = Release|Any CPU
		{74AF6AEF-7B1C-4EF5-B739-81336FEC3D10}.Ad-Hoc|iPhone.Deploy.0 = Release|Any CPU
		{74AF6AEF-7B1C-4EF5-B739-81336FEC3D10}.Ad-Hoc|iPhoneSimulator.ActiveCfg = Release|Any CPU
		{74AF6AEF-7B1C-4EF5-B739-81336FEC3D10}.Ad-Hoc|iPhoneSimulator.Build.0 = Release|Any CPU
		{74AF6AEF-7B1C-4EF5-B739-81336FEC3D10}.Ad-Hoc|iPhoneSimulator.Deploy.0 = Release|Any CPU
		{74AF6AEF-7B1C-4EF5-B739-81336FEC3D10}.Ad-Hoc|x64.ActiveCfg = Release|Any CPU
		{74AF6AEF-7B1C-4EF5-B739-81336FEC3D10}.Ad-Hoc|x64.Build.0 = Release|Any CPU
		{74AF6AEF-7B1C-4EF5-B739-81336FEC3D10}.Ad-Hoc|x64.Deploy.0 = Release|Any CPU
		{74AF6AEF-7B1C-4EF5-B739-81336FEC3D10}.Ad-Hoc|x86.ActiveCfg = Release|Any CPU
		{74AF6AEF-7B1C-4EF5-B739-81336FEC3D10}.Ad-Hoc|x86.Build.0 = Release|Any CPU
		{74AF6AEF-7B1C-4EF5-B739-81336FEC3D10}.Ad-Hoc|x86.Deploy.0 = Release|Any CPU
		{74AF6AEF-7B1C-4EF5-B739-81336FEC3D10}.AppStore|Any CPU.ActiveCfg = Release|Any CPU
		{74AF6AEF-7B1C-4EF5-B739-81336FEC3D10}.AppStore|Any CPU.Build.0 = Release|Any CPU
		{74AF6AEF-7B1C-4EF5-B739-81336FEC3D10}.AppStore|Any CPU.Deploy.0 = Release|Any CPU
		{74AF6AEF-7B1C-4EF5-B739-81336FEC3D10}.AppStore|ARM.ActiveCfg = Release|Any CPU
		{74AF6AEF-7B1C-4EF5-B739-81336FEC3D10}.AppStore|ARM.Build.0 = Release|Any CPU
		{74AF6AEF-7B1C-4EF5-B739-81336FEC3D10}.AppStore|ARM.Deploy.0 = Release|Any CPU
		{74AF6AEF-7B1C-4EF5-B739-81336FEC3D10}.AppStore|iPhone.ActiveCfg = Release|Any CPU
		{74AF6AEF-7B1C-4EF5-B739-81336FEC3D10}.AppStore|iPhone.Build.0 = Release|Any CPU
		{74AF6AEF-7B1C-4EF5-B739-81336FEC3D10}.AppStore|iPhone.Deploy.0 = Release|Any CPU
		{74AF6AEF-7B1C-4EF5-B739-81336FEC3D10}.AppStore|iPhoneSimulator.ActiveCfg = Release|Any CPU
		{74AF6AEF-7B1C-4EF5-B739-81336FEC3D10}.AppStore|iPhoneSimulator.Build.0 = Release|Any CPU
		{74AF6AEF-7B1C-4EF5-B739-81336FEC3D10}.AppStore|iPhoneSimulator.Deploy.0 = Release|Any CPU
		{74AF6AEF-7B1C-4EF5-B739-81336FEC3D10}.AppStore|x64.ActiveCfg = Release|Any CPU
		{74AF6AEF-7B1C-4EF5-B739-81336FEC3D10}.AppStore|x64.Build.0 = Release|Any CPU
		{74AF6AEF-7B1C-4EF5-B739-81336FEC3D10}.AppStore|x64.Deploy.0 = Release|Any CPU
		{74AF6AEF-7B1C-4EF5-B739-81336FEC3D10}.AppStore|x86.ActiveCfg = Release|Any CPU
		{74AF6AEF-7B1C-4EF5-B739-81336FEC3D10}.AppStore|x86.Build.0 = Release|Any CPU
		{74AF6AEF-7B1C-4EF5-B739-81336FEC3D10}.AppStore|x86.Deploy.0 = Release|Any CPU
		{74AF6AEF-7B1C-4EF5-B739-81336FEC3D10}.Debug|Any CPU.ActiveCfg = Debug|Any CPU
		{74AF6AEF-7B1C-4EF5-B739-81336FEC3D10}.Debug|Any CPU.Build.0 = Debug|Any CPU
		{74AF6AEF-7B1C-4EF5-B739-81336FEC3D10}.Debug|Any CPU.Deploy.0 = Debug|Any CPU
		{74AF6AEF-7B1C-4EF5-B739-81336FEC3D10}.Debug|ARM.ActiveCfg = Debug|Any CPU
		{74AF6AEF-7B1C-4EF5-B739-81336FEC3D10}.Debug|ARM.Build.0 = Debug|Any CPU
		{74AF6AEF-7B1C-4EF5-B739-81336FEC3D10}.Debug|ARM.Deploy.0 = Debug|Any CPU
		{74AF6AEF-7B1C-4EF5-B739-81336FEC3D10}.Debug|iPhone.ActiveCfg = Debug|Any CPU
		{74AF6AEF-7B1C-4EF5-B739-81336FEC3D10}.Debug|iPhone.Build.0 = Debug|Any CPU
		{74AF6AEF-7B1C-4EF5-B739-81336FEC3D10}.Debug|iPhone.Deploy.0 = Debug|Any CPU
		{74AF6AEF-7B1C-4EF5-B739-81336FEC3D10}.Debug|iPhoneSimulator.ActiveCfg = Debug|Any CPU
		{74AF6AEF-7B1C-4EF5-B739-81336FEC3D10}.Debug|iPhoneSimulator.Build.0 = Debug|Any CPU
		{74AF6AEF-7B1C-4EF5-B739-81336FEC3D10}.Debug|iPhoneSimulator.Deploy.0 = Debug|Any CPU
		{74AF6AEF-7B1C-4EF5-B739-81336FEC3D10}.Debug|x64.ActiveCfg = Debug|Any CPU
		{74AF6AEF-7B1C-4EF5-B739-81336FEC3D10}.Debug|x64.Build.0 = Debug|Any CPU
		{74AF6AEF-7B1C-4EF5-B739-81336FEC3D10}.Debug|x64.Deploy.0 = Debug|Any CPU
		{74AF6AEF-7B1C-4EF5-B739-81336FEC3D10}.Debug|x86.ActiveCfg = Debug|Any CPU
		{74AF6AEF-7B1C-4EF5-B739-81336FEC3D10}.Debug|x86.Build.0 = Debug|Any CPU
		{74AF6AEF-7B1C-4EF5-B739-81336FEC3D10}.Debug|x86.Deploy.0 = Debug|Any CPU
		{74AF6AEF-7B1C-4EF5-B739-81336FEC3D10}.Release|Any CPU.ActiveCfg = Release|Any CPU
		{74AF6AEF-7B1C-4EF5-B739-81336FEC3D10}.Release|Any CPU.Build.0 = Release|Any CPU
		{74AF6AEF-7B1C-4EF5-B739-81336FEC3D10}.Release|Any CPU.Deploy.0 = Release|Any CPU
		{74AF6AEF-7B1C-4EF5-B739-81336FEC3D10}.Release|ARM.ActiveCfg = Release|Any CPU
		{74AF6AEF-7B1C-4EF5-B739-81336FEC3D10}.Release|ARM.Build.0 = Release|Any CPU
		{74AF6AEF-7B1C-4EF5-B739-81336FEC3D10}.Release|ARM.Deploy.0 = Release|Any CPU
		{74AF6AEF-7B1C-4EF5-B739-81336FEC3D10}.Release|iPhone.ActiveCfg = Release|Any CPU
		{74AF6AEF-7B1C-4EF5-B739-81336FEC3D10}.Release|iPhone.Build.0 = Release|Any CPU
		{74AF6AEF-7B1C-4EF5-B739-81336FEC3D10}.Release|iPhone.Deploy.0 = Release|Any CPU
		{74AF6AEF-7B1C-4EF5-B739-81336FEC3D10}.Release|iPhoneSimulator.ActiveCfg = Release|Any CPU
		{74AF6AEF-7B1C-4EF5-B739-81336FEC3D10}.Release|iPhoneSimulator.Build.0 = Release|Any CPU
		{74AF6AEF-7B1C-4EF5-B739-81336FEC3D10}.Release|iPhoneSimulator.Deploy.0 = Release|Any CPU
		{74AF6AEF-7B1C-4EF5-B739-81336FEC3D10}.Release|x64.ActiveCfg = Release|Any CPU
		{74AF6AEF-7B1C-4EF5-B739-81336FEC3D10}.Release|x64.Build.0 = Release|Any CPU
		{74AF6AEF-7B1C-4EF5-B739-81336FEC3D10}.Release|x64.Deploy.0 = Release|Any CPU
		{74AF6AEF-7B1C-4EF5-B739-81336FEC3D10}.Release|x86.ActiveCfg = Release|Any CPU
		{74AF6AEF-7B1C-4EF5-B739-81336FEC3D10}.Release|x86.Build.0 = Release|Any CPU
		{74AF6AEF-7B1C-4EF5-B739-81336FEC3D10}.Release|x86.Deploy.0 = Release|Any CPU
		{6BFE2F86-414D-4785-BA77-988D0819FE74}.Ad-Hoc|Any CPU.ActiveCfg = Ad-Hoc|iPhone
		{6BFE2F86-414D-4785-BA77-988D0819FE74}.Ad-Hoc|ARM.ActiveCfg = Ad-Hoc|iPhone
		{6BFE2F86-414D-4785-BA77-988D0819FE74}.Ad-Hoc|iPhone.ActiveCfg = Ad-Hoc|iPhone
		{6BFE2F86-414D-4785-BA77-988D0819FE74}.Ad-Hoc|iPhone.Build.0 = Ad-Hoc|iPhone
		{6BFE2F86-414D-4785-BA77-988D0819FE74}.Ad-Hoc|iPhoneSimulator.ActiveCfg = Ad-Hoc|iPhoneSimulator
		{6BFE2F86-414D-4785-BA77-988D0819FE74}.Ad-Hoc|iPhoneSimulator.Build.0 = Ad-Hoc|iPhoneSimulator
		{6BFE2F86-414D-4785-BA77-988D0819FE74}.Ad-Hoc|x64.ActiveCfg = Ad-Hoc|iPhone
		{6BFE2F86-414D-4785-BA77-988D0819FE74}.Ad-Hoc|x86.ActiveCfg = Ad-Hoc|iPhone
		{6BFE2F86-414D-4785-BA77-988D0819FE74}.AppStore|Any CPU.ActiveCfg = AppStore|iPhone
		{6BFE2F86-414D-4785-BA77-988D0819FE74}.AppStore|ARM.ActiveCfg = AppStore|iPhone
		{6BFE2F86-414D-4785-BA77-988D0819FE74}.AppStore|iPhone.ActiveCfg = AppStore|iPhone
		{6BFE2F86-414D-4785-BA77-988D0819FE74}.AppStore|iPhone.Build.0 = AppStore|iPhone
		{6BFE2F86-414D-4785-BA77-988D0819FE74}.AppStore|iPhoneSimulator.ActiveCfg = AppStore|iPhoneSimulator
		{6BFE2F86-414D-4785-BA77-988D0819FE74}.AppStore|iPhoneSimulator.Build.0 = AppStore|iPhoneSimulator
		{6BFE2F86-414D-4785-BA77-988D0819FE74}.AppStore|x64.ActiveCfg = AppStore|iPhone
		{6BFE2F86-414D-4785-BA77-988D0819FE74}.AppStore|x86.ActiveCfg = AppStore|iPhone
		{6BFE2F86-414D-4785-BA77-988D0819FE74}.Debug|Any CPU.ActiveCfg = Debug|iPhone
		{6BFE2F86-414D-4785-BA77-988D0819FE74}.Debug|ARM.ActiveCfg = Debug|iPhone
		{6BFE2F86-414D-4785-BA77-988D0819FE74}.Debug|iPhone.ActiveCfg = Debug|iPhone
		{6BFE2F86-414D-4785-BA77-988D0819FE74}.Debug|iPhone.Build.0 = Debug|iPhone
		{6BFE2F86-414D-4785-BA77-988D0819FE74}.Debug|iPhoneSimulator.ActiveCfg = Debug|iPhoneSimulator
		{6BFE2F86-414D-4785-BA77-988D0819FE74}.Debug|iPhoneSimulator.Build.0 = Debug|iPhoneSimulator
		{6BFE2F86-414D-4785-BA77-988D0819FE74}.Debug|x64.ActiveCfg = Debug|iPhone
		{6BFE2F86-414D-4785-BA77-988D0819FE74}.Debug|x86.ActiveCfg = Debug|iPhone
		{6BFE2F86-414D-4785-BA77-988D0819FE74}.Release|Any CPU.ActiveCfg = Release|iPhone
		{6BFE2F86-414D-4785-BA77-988D0819FE74}.Release|ARM.ActiveCfg = Release|iPhone
		{6BFE2F86-414D-4785-BA77-988D0819FE74}.Release|iPhone.ActiveCfg = Release|iPhone
		{6BFE2F86-414D-4785-BA77-988D0819FE74}.Release|iPhone.Build.0 = Release|iPhone
		{6BFE2F86-414D-4785-BA77-988D0819FE74}.Release|iPhoneSimulator.ActiveCfg = Release|iPhoneSimulator
		{6BFE2F86-414D-4785-BA77-988D0819FE74}.Release|iPhoneSimulator.Build.0 = Release|iPhoneSimulator
		{6BFE2F86-414D-4785-BA77-988D0819FE74}.Release|x64.ActiveCfg = Release|iPhone
		{6BFE2F86-414D-4785-BA77-988D0819FE74}.Release|x86.ActiveCfg = Release|iPhone
		{E151A448-FA0F-4560-B4D3-764C5B9B3CF4}.Ad-Hoc|Any CPU.ActiveCfg = Release|x86
		{E151A448-FA0F-4560-B4D3-764C5B9B3CF4}.Ad-Hoc|Any CPU.Build.0 = Release|x86
		{E151A448-FA0F-4560-B4D3-764C5B9B3CF4}.Ad-Hoc|Any CPU.Deploy.0 = Release|x86
		{E151A448-FA0F-4560-B4D3-764C5B9B3CF4}.Ad-Hoc|ARM.ActiveCfg = Release|ARM
		{E151A448-FA0F-4560-B4D3-764C5B9B3CF4}.Ad-Hoc|ARM.Build.0 = Release|ARM
		{E151A448-FA0F-4560-B4D3-764C5B9B3CF4}.Ad-Hoc|ARM.Deploy.0 = Release|ARM
		{E151A448-FA0F-4560-B4D3-764C5B9B3CF4}.Ad-Hoc|iPhone.ActiveCfg = Release|x86
		{E151A448-FA0F-4560-B4D3-764C5B9B3CF4}.Ad-Hoc|iPhone.Build.0 = Release|x86
		{E151A448-FA0F-4560-B4D3-764C5B9B3CF4}.Ad-Hoc|iPhone.Deploy.0 = Release|x86
		{E151A448-FA0F-4560-B4D3-764C5B9B3CF4}.Ad-Hoc|iPhoneSimulator.ActiveCfg = Release|x86
		{E151A448-FA0F-4560-B4D3-764C5B9B3CF4}.Ad-Hoc|iPhoneSimulator.Build.0 = Release|x86
		{E151A448-FA0F-4560-B4D3-764C5B9B3CF4}.Ad-Hoc|iPhoneSimulator.Deploy.0 = Release|x86
		{E151A448-FA0F-4560-B4D3-764C5B9B3CF4}.Ad-Hoc|x64.ActiveCfg = Release|x64
		{E151A448-FA0F-4560-B4D3-764C5B9B3CF4}.Ad-Hoc|x64.Build.0 = Release|x64
		{E151A448-FA0F-4560-B4D3-764C5B9B3CF4}.Ad-Hoc|x64.Deploy.0 = Release|x64
		{E151A448-FA0F-4560-B4D3-764C5B9B3CF4}.Ad-Hoc|x86.ActiveCfg = Release|x86
		{E151A448-FA0F-4560-B4D3-764C5B9B3CF4}.Ad-Hoc|x86.Build.0 = Release|x86
		{E151A448-FA0F-4560-B4D3-764C5B9B3CF4}.Ad-Hoc|x86.Deploy.0 = Release|x86
		{E151A448-FA0F-4560-B4D3-764C5B9B3CF4}.AppStore|Any CPU.ActiveCfg = Release|x86
		{E151A448-FA0F-4560-B4D3-764C5B9B3CF4}.AppStore|Any CPU.Build.0 = Release|x86
		{E151A448-FA0F-4560-B4D3-764C5B9B3CF4}.AppStore|Any CPU.Deploy.0 = Release|x86
		{E151A448-FA0F-4560-B4D3-764C5B9B3CF4}.AppStore|ARM.ActiveCfg = Release|ARM
		{E151A448-FA0F-4560-B4D3-764C5B9B3CF4}.AppStore|ARM.Build.0 = Release|ARM
		{E151A448-FA0F-4560-B4D3-764C5B9B3CF4}.AppStore|ARM.Deploy.0 = Release|ARM
		{E151A448-FA0F-4560-B4D3-764C5B9B3CF4}.AppStore|iPhone.ActiveCfg = Release|x86
		{E151A448-FA0F-4560-B4D3-764C5B9B3CF4}.AppStore|iPhone.Build.0 = Release|x86
		{E151A448-FA0F-4560-B4D3-764C5B9B3CF4}.AppStore|iPhone.Deploy.0 = Release|x86
		{E151A448-FA0F-4560-B4D3-764C5B9B3CF4}.AppStore|iPhoneSimulator.ActiveCfg = Release|x86
		{E151A448-FA0F-4560-B4D3-764C5B9B3CF4}.AppStore|iPhoneSimulator.Build.0 = Release|x86
		{E151A448-FA0F-4560-B4D3-764C5B9B3CF4}.AppStore|iPhoneSimulator.Deploy.0 = Release|x86
		{E151A448-FA0F-4560-B4D3-764C5B9B3CF4}.AppStore|x64.ActiveCfg = Release|x64
		{E151A448-FA0F-4560-B4D3-764C5B9B3CF4}.AppStore|x64.Build.0 = Release|x64
		{E151A448-FA0F-4560-B4D3-764C5B9B3CF4}.AppStore|x64.Deploy.0 = Release|x64
		{E151A448-FA0F-4560-B4D3-764C5B9B3CF4}.AppStore|x86.ActiveCfg = Release|x86
		{E151A448-FA0F-4560-B4D3-764C5B9B3CF4}.AppStore|x86.Build.0 = Release|x86
		{E151A448-FA0F-4560-B4D3-764C5B9B3CF4}.AppStore|x86.Deploy.0 = Release|x86
		{E151A448-FA0F-4560-B4D3-764C5B9B3CF4}.Debug|Any CPU.ActiveCfg = Debug|x86
		{E151A448-FA0F-4560-B4D3-764C5B9B3CF4}.Debug|ARM.ActiveCfg = Debug|ARM
		{E151A448-FA0F-4560-B4D3-764C5B9B3CF4}.Debug|ARM.Build.0 = Debug|ARM
		{E151A448-FA0F-4560-B4D3-764C5B9B3CF4}.Debug|ARM.Deploy.0 = Debug|ARM
		{E151A448-FA0F-4560-B4D3-764C5B9B3CF4}.Debug|iPhone.ActiveCfg = Debug|x86
		{E151A448-FA0F-4560-B4D3-764C5B9B3CF4}.Debug|iPhoneSimulator.ActiveCfg = Debug|x86
		{E151A448-FA0F-4560-B4D3-764C5B9B3CF4}.Debug|x64.ActiveCfg = Debug|x64
		{E151A448-FA0F-4560-B4D3-764C5B9B3CF4}.Debug|x64.Build.0 = Debug|x64
		{E151A448-FA0F-4560-B4D3-764C5B9B3CF4}.Debug|x64.Deploy.0 = Debug|x64
		{E151A448-FA0F-4560-B4D3-764C5B9B3CF4}.Debug|x86.ActiveCfg = Debug|x86
		{E151A448-FA0F-4560-B4D3-764C5B9B3CF4}.Debug|x86.Build.0 = Debug|x86
		{E151A448-FA0F-4560-B4D3-764C5B9B3CF4}.Debug|x86.Deploy.0 = Debug|x86
		{E151A448-FA0F-4560-B4D3-764C5B9B3CF4}.Release|Any CPU.ActiveCfg = Release|x86
		{E151A448-FA0F-4560-B4D3-764C5B9B3CF4}.Release|ARM.ActiveCfg = Release|ARM
		{E151A448-FA0F-4560-B4D3-764C5B9B3CF4}.Release|ARM.Build.0 = Release|ARM
		{E151A448-FA0F-4560-B4D3-764C5B9B3CF4}.Release|ARM.Deploy.0 = Release|ARM
		{E151A448-FA0F-4560-B4D3-764C5B9B3CF4}.Release|iPhone.ActiveCfg = Release|x86
		{E151A448-FA0F-4560-B4D3-764C5B9B3CF4}.Release|iPhoneSimulator.ActiveCfg = Release|x86
		{E151A448-FA0F-4560-B4D3-764C5B9B3CF4}.Release|x64.ActiveCfg = Release|x64
		{E151A448-FA0F-4560-B4D3-764C5B9B3CF4}.Release|x64.Build.0 = Release|x64
		{E151A448-FA0F-4560-B4D3-764C5B9B3CF4}.Release|x64.Deploy.0 = Release|x64
		{E151A448-FA0F-4560-B4D3-764C5B9B3CF4}.Release|x86.ActiveCfg = Release|x86
		{E151A448-FA0F-4560-B4D3-764C5B9B3CF4}.Release|x86.Build.0 = Release|x86
		{E151A448-FA0F-4560-B4D3-764C5B9B3CF4}.Release|x86.Deploy.0 = Release|x86
		{E28D4717-3E7B-4864-BFDE-2BEE73105A48}.Ad-Hoc|Any CPU.ActiveCfg = Debug|Any CPU
		{E28D4717-3E7B-4864-BFDE-2BEE73105A48}.Ad-Hoc|Any CPU.Build.0 = Debug|Any CPU
		{E28D4717-3E7B-4864-BFDE-2BEE73105A48}.Ad-Hoc|ARM.ActiveCfg = Debug|Any CPU
		{E28D4717-3E7B-4864-BFDE-2BEE73105A48}.Ad-Hoc|ARM.Build.0 = Debug|Any CPU
		{E28D4717-3E7B-4864-BFDE-2BEE73105A48}.Ad-Hoc|iPhone.ActiveCfg = Debug|Any CPU
		{E28D4717-3E7B-4864-BFDE-2BEE73105A48}.Ad-Hoc|iPhone.Build.0 = Debug|Any CPU
		{E28D4717-3E7B-4864-BFDE-2BEE73105A48}.Ad-Hoc|iPhoneSimulator.ActiveCfg = Debug|Any CPU
		{E28D4717-3E7B-4864-BFDE-2BEE73105A48}.Ad-Hoc|iPhoneSimulator.Build.0 = Debug|Any CPU
		{E28D4717-3E7B-4864-BFDE-2BEE73105A48}.Ad-Hoc|x64.ActiveCfg = Debug|Any CPU
		{E28D4717-3E7B-4864-BFDE-2BEE73105A48}.Ad-Hoc|x64.Build.0 = Debug|Any CPU
		{E28D4717-3E7B-4864-BFDE-2BEE73105A48}.Ad-Hoc|x86.ActiveCfg = Debug|Any CPU
		{E28D4717-3E7B-4864-BFDE-2BEE73105A48}.Ad-Hoc|x86.Build.0 = Debug|Any CPU
		{E28D4717-3E7B-4864-BFDE-2BEE73105A48}.AppStore|Any CPU.ActiveCfg = Debug|Any CPU
		{E28D4717-3E7B-4864-BFDE-2BEE73105A48}.AppStore|Any CPU.Build.0 = Debug|Any CPU
		{E28D4717-3E7B-4864-BFDE-2BEE73105A48}.AppStore|ARM.ActiveCfg = Debug|Any CPU
		{E28D4717-3E7B-4864-BFDE-2BEE73105A48}.AppStore|ARM.Build.0 = Debug|Any CPU
		{E28D4717-3E7B-4864-BFDE-2BEE73105A48}.AppStore|iPhone.ActiveCfg = Debug|Any CPU
		{E28D4717-3E7B-4864-BFDE-2BEE73105A48}.AppStore|iPhone.Build.0 = Debug|Any CPU
		{E28D4717-3E7B-4864-BFDE-2BEE73105A48}.AppStore|iPhoneSimulator.ActiveCfg = Debug|Any CPU
		{E28D4717-3E7B-4864-BFDE-2BEE73105A48}.AppStore|iPhoneSimulator.Build.0 = Debug|Any CPU
		{E28D4717-3E7B-4864-BFDE-2BEE73105A48}.AppStore|x64.ActiveCfg = Debug|Any CPU
		{E28D4717-3E7B-4864-BFDE-2BEE73105A48}.AppStore|x64.Build.0 = Debug|Any CPU
		{E28D4717-3E7B-4864-BFDE-2BEE73105A48}.AppStore|x86.ActiveCfg = Debug|Any CPU
		{E28D4717-3E7B-4864-BFDE-2BEE73105A48}.AppStore|x86.Build.0 = Debug|Any CPU
		{E28D4717-3E7B-4864-BFDE-2BEE73105A48}.Debug|Any CPU.ActiveCfg = Debug|Any CPU
		{E28D4717-3E7B-4864-BFDE-2BEE73105A48}.Debug|Any CPU.Build.0 = Debug|Any CPU
		{E28D4717-3E7B-4864-BFDE-2BEE73105A48}.Debug|ARM.ActiveCfg = Debug|Any CPU
		{E28D4717-3E7B-4864-BFDE-2BEE73105A48}.Debug|ARM.Build.0 = Debug|Any CPU
		{E28D4717-3E7B-4864-BFDE-2BEE73105A48}.Debug|iPhone.ActiveCfg = Debug|Any CPU
		{E28D4717-3E7B-4864-BFDE-2BEE73105A48}.Debug|iPhone.Build.0 = Debug|Any CPU
		{E28D4717-3E7B-4864-BFDE-2BEE73105A48}.Debug|iPhoneSimulator.ActiveCfg = Debug|Any CPU
		{E28D4717-3E7B-4864-BFDE-2BEE73105A48}.Debug|iPhoneSimulator.Build.0 = Debug|Any CPU
		{E28D4717-3E7B-4864-BFDE-2BEE73105A48}.Debug|x64.ActiveCfg = Debug|Any CPU
		{E28D4717-3E7B-4864-BFDE-2BEE73105A48}.Debug|x64.Build.0 = Debug|Any CPU
		{E28D4717-3E7B-4864-BFDE-2BEE73105A48}.Debug|x86.ActiveCfg = Debug|Any CPU
		{E28D4717-3E7B-4864-BFDE-2BEE73105A48}.Debug|x86.Build.0 = Debug|Any CPU
		{E28D4717-3E7B-4864-BFDE-2BEE73105A48}.Release|Any CPU.ActiveCfg = Release|Any CPU
		{E28D4717-3E7B-4864-BFDE-2BEE73105A48}.Release|Any CPU.Build.0 = Release|Any CPU
		{E28D4717-3E7B-4864-BFDE-2BEE73105A48}.Release|ARM.ActiveCfg = Release|Any CPU
		{E28D4717-3E7B-4864-BFDE-2BEE73105A48}.Release|ARM.Build.0 = Release|Any CPU
		{E28D4717-3E7B-4864-BFDE-2BEE73105A48}.Release|iPhone.ActiveCfg = Release|Any CPU
		{E28D4717-3E7B-4864-BFDE-2BEE73105A48}.Release|iPhone.Build.0 = Release|Any CPU
		{E28D4717-3E7B-4864-BFDE-2BEE73105A48}.Release|iPhoneSimulator.ActiveCfg = Release|Any CPU
		{E28D4717-3E7B-4864-BFDE-2BEE73105A48}.Release|iPhoneSimulator.Build.0 = Release|Any CPU
		{E28D4717-3E7B-4864-BFDE-2BEE73105A48}.Release|x64.ActiveCfg = Release|Any CPU
		{E28D4717-3E7B-4864-BFDE-2BEE73105A48}.Release|x64.Build.0 = Release|Any CPU
		{E28D4717-3E7B-4864-BFDE-2BEE73105A48}.Release|x86.ActiveCfg = Release|Any CPU
		{E28D4717-3E7B-4864-BFDE-2BEE73105A48}.Release|x86.Build.0 = Release|Any CPU
		{36C91DED-47A4-48D4-B0A9-E392CE99022B}.Ad-Hoc|Any CPU.ActiveCfg = Debug|Any CPU
		{36C91DED-47A4-48D4-B0A9-E392CE99022B}.Ad-Hoc|Any CPU.Build.0 = Debug|Any CPU
		{36C91DED-47A4-48D4-B0A9-E392CE99022B}.Ad-Hoc|ARM.ActiveCfg = Debug|Any CPU
		{36C91DED-47A4-48D4-B0A9-E392CE99022B}.Ad-Hoc|ARM.Build.0 = Debug|Any CPU
		{36C91DED-47A4-48D4-B0A9-E392CE99022B}.Ad-Hoc|iPhone.ActiveCfg = Debug|Any CPU
		{36C91DED-47A4-48D4-B0A9-E392CE99022B}.Ad-Hoc|iPhone.Build.0 = Debug|Any CPU
		{36C91DED-47A4-48D4-B0A9-E392CE99022B}.Ad-Hoc|iPhoneSimulator.ActiveCfg = Debug|Any CPU
		{36C91DED-47A4-48D4-B0A9-E392CE99022B}.Ad-Hoc|iPhoneSimulator.Build.0 = Debug|Any CPU
		{36C91DED-47A4-48D4-B0A9-E392CE99022B}.Ad-Hoc|x64.ActiveCfg = Debug|Any CPU
		{36C91DED-47A4-48D4-B0A9-E392CE99022B}.Ad-Hoc|x64.Build.0 = Debug|Any CPU
		{36C91DED-47A4-48D4-B0A9-E392CE99022B}.Ad-Hoc|x86.ActiveCfg = Debug|Any CPU
		{36C91DED-47A4-48D4-B0A9-E392CE99022B}.Ad-Hoc|x86.Build.0 = Debug|Any CPU
		{36C91DED-47A4-48D4-B0A9-E392CE99022B}.AppStore|Any CPU.ActiveCfg = Debug|Any CPU
		{36C91DED-47A4-48D4-B0A9-E392CE99022B}.AppStore|Any CPU.Build.0 = Debug|Any CPU
		{36C91DED-47A4-48D4-B0A9-E392CE99022B}.AppStore|ARM.ActiveCfg = Debug|Any CPU
		{36C91DED-47A4-48D4-B0A9-E392CE99022B}.AppStore|ARM.Build.0 = Debug|Any CPU
		{36C91DED-47A4-48D4-B0A9-E392CE99022B}.AppStore|iPhone.ActiveCfg = Debug|Any CPU
		{36C91DED-47A4-48D4-B0A9-E392CE99022B}.AppStore|iPhone.Build.0 = Debug|Any CPU
		{36C91DED-47A4-48D4-B0A9-E392CE99022B}.AppStore|iPhoneSimulator.ActiveCfg = Debug|Any CPU
		{36C91DED-47A4-48D4-B0A9-E392CE99022B}.AppStore|iPhoneSimulator.Build.0 = Debug|Any CPU
		{36C91DED-47A4-48D4-B0A9-E392CE99022B}.AppStore|x64.ActiveCfg = Debug|Any CPU
		{36C91DED-47A4-48D4-B0A9-E392CE99022B}.AppStore|x64.Build.0 = Debug|Any CPU
		{36C91DED-47A4-48D4-B0A9-E392CE99022B}.AppStore|x86.ActiveCfg = Debug|Any CPU
		{36C91DED-47A4-48D4-B0A9-E392CE99022B}.AppStore|x86.Build.0 = Debug|Any CPU
		{36C91DED-47A4-48D4-B0A9-E392CE99022B}.Debug|Any CPU.ActiveCfg = Debug|Any CPU
		{36C91DED-47A4-48D4-B0A9-E392CE99022B}.Debug|Any CPU.Build.0 = Debug|Any CPU
		{36C91DED-47A4-48D4-B0A9-E392CE99022B}.Debug|ARM.ActiveCfg = Debug|Any CPU
		{36C91DED-47A4-48D4-B0A9-E392CE99022B}.Debug|ARM.Build.0 = Debug|Any CPU
		{36C91DED-47A4-48D4-B0A9-E392CE99022B}.Debug|iPhone.ActiveCfg = Debug|Any CPU
		{36C91DED-47A4-48D4-B0A9-E392CE99022B}.Debug|iPhone.Build.0 = Debug|Any CPU
		{36C91DED-47A4-48D4-B0A9-E392CE99022B}.Debug|iPhoneSimulator.ActiveCfg = Debug|Any CPU
		{36C91DED-47A4-48D4-B0A9-E392CE99022B}.Debug|iPhoneSimulator.Build.0 = Debug|Any CPU
		{36C91DED-47A4-48D4-B0A9-E392CE99022B}.Debug|x64.ActiveCfg = Debug|Any CPU
		{36C91DED-47A4-48D4-B0A9-E392CE99022B}.Debug|x64.Build.0 = Debug|Any CPU
		{36C91DED-47A4-48D4-B0A9-E392CE99022B}.Debug|x86.ActiveCfg = Debug|Any CPU
		{36C91DED-47A4-48D4-B0A9-E392CE99022B}.Debug|x86.Build.0 = Debug|Any CPU
		{36C91DED-47A4-48D4-B0A9-E392CE99022B}.Release|Any CPU.ActiveCfg = Release|Any CPU
		{36C91DED-47A4-48D4-B0A9-E392CE99022B}.Release|Any CPU.Build.0 = Release|Any CPU
		{36C91DED-47A4-48D4-B0A9-E392CE99022B}.Release|ARM.ActiveCfg = Release|Any CPU
		{36C91DED-47A4-48D4-B0A9-E392CE99022B}.Release|ARM.Build.0 = Release|Any CPU
		{36C91DED-47A4-48D4-B0A9-E392CE99022B}.Release|iPhone.ActiveCfg = Release|Any CPU
		{36C91DED-47A4-48D4-B0A9-E392CE99022B}.Release|iPhone.Build.0 = Release|Any CPU
		{36C91DED-47A4-48D4-B0A9-E392CE99022B}.Release|iPhoneSimulator.ActiveCfg = Release|Any CPU
		{36C91DED-47A4-48D4-B0A9-E392CE99022B}.Release|iPhoneSimulator.Build.0 = Release|Any CPU
		{36C91DED-47A4-48D4-B0A9-E392CE99022B}.Release|x64.ActiveCfg = Release|Any CPU
		{36C91DED-47A4-48D4-B0A9-E392CE99022B}.Release|x64.Build.0 = Release|Any CPU
		{36C91DED-47A4-48D4-B0A9-E392CE99022B}.Release|x86.ActiveCfg = Release|Any CPU
		{36C91DED-47A4-48D4-B0A9-E392CE99022B}.Release|x86.Build.0 = Release|Any CPU
		{339BB092-5171-4BAF-B73B-D8E863F8FEE6}.Ad-Hoc|Any CPU.ActiveCfg = Release|Any CPU
		{339BB092-5171-4BAF-B73B-D8E863F8FEE6}.Ad-Hoc|Any CPU.Build.0 = Release|Any CPU
		{339BB092-5171-4BAF-B73B-D8E863F8FEE6}.Ad-Hoc|ARM.ActiveCfg = Release|Any CPU
		{339BB092-5171-4BAF-B73B-D8E863F8FEE6}.Ad-Hoc|ARM.Build.0 = Release|Any CPU
		{339BB092-5171-4BAF-B73B-D8E863F8FEE6}.Ad-Hoc|iPhone.ActiveCfg = Release|Any CPU
		{339BB092-5171-4BAF-B73B-D8E863F8FEE6}.Ad-Hoc|iPhone.Build.0 = Release|Any CPU
		{339BB092-5171-4BAF-B73B-D8E863F8FEE6}.Ad-Hoc|iPhoneSimulator.ActiveCfg = Release|Any CPU
		{339BB092-5171-4BAF-B73B-D8E863F8FEE6}.Ad-Hoc|iPhoneSimulator.Build.0 = Release|Any CPU
		{339BB092-5171-4BAF-B73B-D8E863F8FEE6}.Ad-Hoc|x64.ActiveCfg = Release|Any CPU
		{339BB092-5171-4BAF-B73B-D8E863F8FEE6}.Ad-Hoc|x64.Build.0 = Release|Any CPU
		{339BB092-5171-4BAF-B73B-D8E863F8FEE6}.Ad-Hoc|x86.ActiveCfg = Release|Any CPU
		{339BB092-5171-4BAF-B73B-D8E863F8FEE6}.Ad-Hoc|x86.Build.0 = Release|Any CPU
		{339BB092-5171-4BAF-B73B-D8E863F8FEE6}.AppStore|Any CPU.ActiveCfg = Release|Any CPU
		{339BB092-5171-4BAF-B73B-D8E863F8FEE6}.AppStore|Any CPU.Build.0 = Release|Any CPU
		{339BB092-5171-4BAF-B73B-D8E863F8FEE6}.AppStore|ARM.ActiveCfg = Release|Any CPU
		{339BB092-5171-4BAF-B73B-D8E863F8FEE6}.AppStore|ARM.Build.0 = Release|Any CPU
		{339BB092-5171-4BAF-B73B-D8E863F8FEE6}.AppStore|iPhone.ActiveCfg = Release|Any CPU
		{339BB092-5171-4BAF-B73B-D8E863F8FEE6}.AppStore|iPhone.Build.0 = Release|Any CPU
		{339BB092-5171-4BAF-B73B-D8E863F8FEE6}.AppStore|iPhoneSimulator.ActiveCfg = Release|Any CPU
		{339BB092-5171-4BAF-B73B-D8E863F8FEE6}.AppStore|iPhoneSimulator.Build.0 = Release|Any CPU
		{339BB092-5171-4BAF-B73B-D8E863F8FEE6}.AppStore|x64.ActiveCfg = Release|Any CPU
		{339BB092-5171-4BAF-B73B-D8E863F8FEE6}.AppStore|x64.Build.0 = Release|Any CPU
		{339BB092-5171-4BAF-B73B-D8E863F8FEE6}.AppStore|x86.ActiveCfg = Release|Any CPU
		{339BB092-5171-4BAF-B73B-D8E863F8FEE6}.AppStore|x86.Build.0 = Release|Any CPU
		{339BB092-5171-4BAF-B73B-D8E863F8FEE6}.Debug|Any CPU.ActiveCfg = Debug|Any CPU
		{339BB092-5171-4BAF-B73B-D8E863F8FEE6}.Debug|Any CPU.Build.0 = Debug|Any CPU
		{339BB092-5171-4BAF-B73B-D8E863F8FEE6}.Debug|ARM.ActiveCfg = Debug|Any CPU
		{339BB092-5171-4BAF-B73B-D8E863F8FEE6}.Debug|ARM.Build.0 = Debug|Any CPU
		{339BB092-5171-4BAF-B73B-D8E863F8FEE6}.Debug|iPhone.ActiveCfg = Debug|Any CPU
		{339BB092-5171-4BAF-B73B-D8E863F8FEE6}.Debug|iPhone.Build.0 = Debug|Any CPU
		{339BB092-5171-4BAF-B73B-D8E863F8FEE6}.Debug|iPhoneSimulator.ActiveCfg = Debug|Any CPU
		{339BB092-5171-4BAF-B73B-D8E863F8FEE6}.Debug|iPhoneSimulator.Build.0 = Debug|Any CPU
		{339BB092-5171-4BAF-B73B-D8E863F8FEE6}.Debug|x64.ActiveCfg = Debug|Any CPU
		{339BB092-5171-4BAF-B73B-D8E863F8FEE6}.Debug|x64.Build.0 = Debug|Any CPU
		{339BB092-5171-4BAF-B73B-D8E863F8FEE6}.Debug|x86.ActiveCfg = Debug|Any CPU
		{339BB092-5171-4BAF-B73B-D8E863F8FEE6}.Debug|x86.Build.0 = Debug|Any CPU
		{339BB092-5171-4BAF-B73B-D8E863F8FEE6}.Release|Any CPU.ActiveCfg = Release|Any CPU
		{339BB092-5171-4BAF-B73B-D8E863F8FEE6}.Release|Any CPU.Build.0 = Release|Any CPU
		{339BB092-5171-4BAF-B73B-D8E863F8FEE6}.Release|ARM.ActiveCfg = Release|Any CPU
		{339BB092-5171-4BAF-B73B-D8E863F8FEE6}.Release|ARM.Build.0 = Release|Any CPU
		{339BB092-5171-4BAF-B73B-D8E863F8FEE6}.Release|iPhone.ActiveCfg = Release|Any CPU
		{339BB092-5171-4BAF-B73B-D8E863F8FEE6}.Release|iPhone.Build.0 = Release|Any CPU
		{339BB092-5171-4BAF-B73B-D8E863F8FEE6}.Release|iPhoneSimulator.ActiveCfg = Release|Any CPU
		{339BB092-5171-4BAF-B73B-D8E863F8FEE6}.Release|iPhoneSimulator.Build.0 = Release|Any CPU
		{339BB092-5171-4BAF-B73B-D8E863F8FEE6}.Release|x64.ActiveCfg = Release|Any CPU
		{339BB092-5171-4BAF-B73B-D8E863F8FEE6}.Release|x64.Build.0 = Release|Any CPU
		{339BB092-5171-4BAF-B73B-D8E863F8FEE6}.Release|x86.ActiveCfg = Release|Any CPU
		{339BB092-5171-4BAF-B73B-D8E863F8FEE6}.Release|x86.Build.0 = Release|Any CPU
		{8B8EC841-5519-4987-873B-BB573CC49601}.Ad-Hoc|Any CPU.ActiveCfg = Release|Any CPU
		{8B8EC841-5519-4987-873B-BB573CC49601}.Ad-Hoc|Any CPU.Build.0 = Release|Any CPU
		{8B8EC841-5519-4987-873B-BB573CC49601}.Ad-Hoc|ARM.ActiveCfg = Release|Any CPU
		{8B8EC841-5519-4987-873B-BB573CC49601}.Ad-Hoc|ARM.Build.0 = Release|Any CPU
		{8B8EC841-5519-4987-873B-BB573CC49601}.Ad-Hoc|iPhone.ActiveCfg = Release|Any CPU
		{8B8EC841-5519-4987-873B-BB573CC49601}.Ad-Hoc|iPhone.Build.0 = Release|Any CPU
		{8B8EC841-5519-4987-873B-BB573CC49601}.Ad-Hoc|iPhoneSimulator.ActiveCfg = Release|Any CPU
		{8B8EC841-5519-4987-873B-BB573CC49601}.Ad-Hoc|iPhoneSimulator.Build.0 = Release|Any CPU
		{8B8EC841-5519-4987-873B-BB573CC49601}.Ad-Hoc|x64.ActiveCfg = Release|Any CPU
		{8B8EC841-5519-4987-873B-BB573CC49601}.Ad-Hoc|x64.Build.0 = Release|Any CPU
		{8B8EC841-5519-4987-873B-BB573CC49601}.Ad-Hoc|x86.ActiveCfg = Release|Any CPU
		{8B8EC841-5519-4987-873B-BB573CC49601}.Ad-Hoc|x86.Build.0 = Release|Any CPU
		{8B8EC841-5519-4987-873B-BB573CC49601}.AppStore|Any CPU.ActiveCfg = Release|Any CPU
		{8B8EC841-5519-4987-873B-BB573CC49601}.AppStore|Any CPU.Build.0 = Release|Any CPU
		{8B8EC841-5519-4987-873B-BB573CC49601}.AppStore|ARM.ActiveCfg = Release|Any CPU
		{8B8EC841-5519-4987-873B-BB573CC49601}.AppStore|ARM.Build.0 = Release|Any CPU
		{8B8EC841-5519-4987-873B-BB573CC49601}.AppStore|iPhone.ActiveCfg = Release|Any CPU
		{8B8EC841-5519-4987-873B-BB573CC49601}.AppStore|iPhone.Build.0 = Release|Any CPU
		{8B8EC841-5519-4987-873B-BB573CC49601}.AppStore|iPhoneSimulator.ActiveCfg = Release|Any CPU
		{8B8EC841-5519-4987-873B-BB573CC49601}.AppStore|iPhoneSimulator.Build.0 = Release|Any CPU
		{8B8EC841-5519-4987-873B-BB573CC49601}.AppStore|x64.ActiveCfg = Release|Any CPU
		{8B8EC841-5519-4987-873B-BB573CC49601}.AppStore|x64.Build.0 = Release|Any CPU
		{8B8EC841-5519-4987-873B-BB573CC49601}.AppStore|x86.ActiveCfg = Release|Any CPU
		{8B8EC841-5519-4987-873B-BB573CC49601}.AppStore|x86.Build.0 = Release|Any CPU
		{8B8EC841-5519-4987-873B-BB573CC49601}.Debug|Any CPU.ActiveCfg = Debug|Any CPU
		{8B8EC841-5519-4987-873B-BB573CC49601}.Debug|Any CPU.Build.0 = Debug|Any CPU
		{8B8EC841-5519-4987-873B-BB573CC49601}.Debug|ARM.ActiveCfg = Debug|Any CPU
		{8B8EC841-5519-4987-873B-BB573CC49601}.Debug|ARM.Build.0 = Debug|Any CPU
		{8B8EC841-5519-4987-873B-BB573CC49601}.Debug|iPhone.ActiveCfg = Debug|Any CPU
		{8B8EC841-5519-4987-873B-BB573CC49601}.Debug|iPhone.Build.0 = Debug|Any CPU
		{8B8EC841-5519-4987-873B-BB573CC49601}.Debug|iPhoneSimulator.ActiveCfg = Debug|Any CPU
		{8B8EC841-5519-4987-873B-BB573CC49601}.Debug|iPhoneSimulator.Build.0 = Debug|Any CPU
		{8B8EC841-5519-4987-873B-BB573CC49601}.Debug|x64.ActiveCfg = Debug|Any CPU
		{8B8EC841-5519-4987-873B-BB573CC49601}.Debug|x64.Build.0 = Debug|Any CPU
		{8B8EC841-5519-4987-873B-BB573CC49601}.Debug|x86.ActiveCfg = Debug|Any CPU
		{8B8EC841-5519-4987-873B-BB573CC49601}.Debug|x86.Build.0 = Debug|Any CPU
		{8B8EC841-5519-4987-873B-BB573CC49601}.Release|Any CPU.ActiveCfg = Release|Any CPU
		{8B8EC841-5519-4987-873B-BB573CC49601}.Release|Any CPU.Build.0 = Release|Any CPU
		{8B8EC841-5519-4987-873B-BB573CC49601}.Release|ARM.ActiveCfg = Release|Any CPU
		{8B8EC841-5519-4987-873B-BB573CC49601}.Release|ARM.Build.0 = Release|Any CPU
		{8B8EC841-5519-4987-873B-BB573CC49601}.Release|iPhone.ActiveCfg = Release|Any CPU
		{8B8EC841-5519-4987-873B-BB573CC49601}.Release|iPhone.Build.0 = Release|Any CPU
		{8B8EC841-5519-4987-873B-BB573CC49601}.Release|iPhoneSimulator.ActiveCfg = Release|Any CPU
		{8B8EC841-5519-4987-873B-BB573CC49601}.Release|iPhoneSimulator.Build.0 = Release|Any CPU
		{8B8EC841-5519-4987-873B-BB573CC49601}.Release|x64.ActiveCfg = Release|Any CPU
		{8B8EC841-5519-4987-873B-BB573CC49601}.Release|x64.Build.0 = Release|Any CPU
		{8B8EC841-5519-4987-873B-BB573CC49601}.Release|x86.ActiveCfg = Release|Any CPU
		{8B8EC841-5519-4987-873B-BB573CC49601}.Release|x86.Build.0 = Release|Any CPU
		{C0DD1DB6-F847-4756-92C3-3BDE2D633CE3}.Ad-Hoc|Any CPU.ActiveCfg = Release|Any CPU
		{C0DD1DB6-F847-4756-92C3-3BDE2D633CE3}.Ad-Hoc|Any CPU.Build.0 = Release|Any CPU
		{C0DD1DB6-F847-4756-92C3-3BDE2D633CE3}.Ad-Hoc|ARM.ActiveCfg = Release|ARM
		{C0DD1DB6-F847-4756-92C3-3BDE2D633CE3}.Ad-Hoc|ARM.Build.0 = Release|ARM
		{C0DD1DB6-F847-4756-92C3-3BDE2D633CE3}.Ad-Hoc|iPhone.ActiveCfg = Release|Any CPU
		{C0DD1DB6-F847-4756-92C3-3BDE2D633CE3}.Ad-Hoc|iPhone.Build.0 = Release|Any CPU
		{C0DD1DB6-F847-4756-92C3-3BDE2D633CE3}.Ad-Hoc|iPhoneSimulator.ActiveCfg = Release|Any CPU
		{C0DD1DB6-F847-4756-92C3-3BDE2D633CE3}.Ad-Hoc|iPhoneSimulator.Build.0 = Release|Any CPU
		{C0DD1DB6-F847-4756-92C3-3BDE2D633CE3}.Ad-Hoc|x64.ActiveCfg = Release|x64
		{C0DD1DB6-F847-4756-92C3-3BDE2D633CE3}.Ad-Hoc|x64.Build.0 = Release|x64
		{C0DD1DB6-F847-4756-92C3-3BDE2D633CE3}.Ad-Hoc|x86.ActiveCfg = Release|x86
		{C0DD1DB6-F847-4756-92C3-3BDE2D633CE3}.Ad-Hoc|x86.Build.0 = Release|x86
		{C0DD1DB6-F847-4756-92C3-3BDE2D633CE3}.AppStore|Any CPU.ActiveCfg = Release|Any CPU
		{C0DD1DB6-F847-4756-92C3-3BDE2D633CE3}.AppStore|Any CPU.Build.0 = Release|Any CPU
		{C0DD1DB6-F847-4756-92C3-3BDE2D633CE3}.AppStore|ARM.ActiveCfg = Release|ARM
		{C0DD1DB6-F847-4756-92C3-3BDE2D633CE3}.AppStore|ARM.Build.0 = Release|ARM
		{C0DD1DB6-F847-4756-92C3-3BDE2D633CE3}.AppStore|iPhone.ActiveCfg = Release|Any CPU
		{C0DD1DB6-F847-4756-92C3-3BDE2D633CE3}.AppStore|iPhone.Build.0 = Release|Any CPU
		{C0DD1DB6-F847-4756-92C3-3BDE2D633CE3}.AppStore|iPhoneSimulator.ActiveCfg = Release|Any CPU
		{C0DD1DB6-F847-4756-92C3-3BDE2D633CE3}.AppStore|iPhoneSimulator.Build.0 = Release|Any CPU
		{C0DD1DB6-F847-4756-92C3-3BDE2D633CE3}.AppStore|x64.ActiveCfg = Release|x64
		{C0DD1DB6-F847-4756-92C3-3BDE2D633CE3}.AppStore|x64.Build.0 = Release|x64
		{C0DD1DB6-F847-4756-92C3-3BDE2D633CE3}.AppStore|x86.ActiveCfg = Release|x86
		{C0DD1DB6-F847-4756-92C3-3BDE2D633CE3}.AppStore|x86.Build.0 = Release|x86
		{C0DD1DB6-F847-4756-92C3-3BDE2D633CE3}.Debug|Any CPU.ActiveCfg = Debug|Any CPU
		{C0DD1DB6-F847-4756-92C3-3BDE2D633CE3}.Debug|Any CPU.Build.0 = Debug|Any CPU
		{C0DD1DB6-F847-4756-92C3-3BDE2D633CE3}.Debug|ARM.ActiveCfg = Debug|ARM
		{C0DD1DB6-F847-4756-92C3-3BDE2D633CE3}.Debug|ARM.Build.0 = Debug|ARM
		{C0DD1DB6-F847-4756-92C3-3BDE2D633CE3}.Debug|iPhone.ActiveCfg = Debug|Any CPU
		{C0DD1DB6-F847-4756-92C3-3BDE2D633CE3}.Debug|iPhone.Build.0 = Debug|Any CPU
		{C0DD1DB6-F847-4756-92C3-3BDE2D633CE3}.Debug|iPhoneSimulator.ActiveCfg = Debug|Any CPU
		{C0DD1DB6-F847-4756-92C3-3BDE2D633CE3}.Debug|iPhoneSimulator.Build.0 = Debug|Any CPU
		{C0DD1DB6-F847-4756-92C3-3BDE2D633CE3}.Debug|x64.ActiveCfg = Debug|x64
		{C0DD1DB6-F847-4756-92C3-3BDE2D633CE3}.Debug|x64.Build.0 = Debug|x64
		{C0DD1DB6-F847-4756-92C3-3BDE2D633CE3}.Debug|x86.ActiveCfg = Debug|x86
		{C0DD1DB6-F847-4756-92C3-3BDE2D633CE3}.Debug|x86.Build.0 = Debug|x86
		{C0DD1DB6-F847-4756-92C3-3BDE2D633CE3}.Release|Any CPU.ActiveCfg = Release|Any CPU
		{C0DD1DB6-F847-4756-92C3-3BDE2D633CE3}.Release|Any CPU.Build.0 = Release|Any CPU
		{C0DD1DB6-F847-4756-92C3-3BDE2D633CE3}.Release|ARM.ActiveCfg = Release|ARM
		{C0DD1DB6-F847-4756-92C3-3BDE2D633CE3}.Release|ARM.Build.0 = Release|ARM
		{C0DD1DB6-F847-4756-92C3-3BDE2D633CE3}.Release|iPhone.ActiveCfg = Release|Any CPU
		{C0DD1DB6-F847-4756-92C3-3BDE2D633CE3}.Release|iPhone.Build.0 = Release|Any CPU
		{C0DD1DB6-F847-4756-92C3-3BDE2D633CE3}.Release|iPhoneSimulator.ActiveCfg = Release|Any CPU
		{C0DD1DB6-F847-4756-92C3-3BDE2D633CE3}.Release|iPhoneSimulator.Build.0 = Release|Any CPU
		{C0DD1DB6-F847-4756-92C3-3BDE2D633CE3}.Release|x64.ActiveCfg = Release|x64
		{C0DD1DB6-F847-4756-92C3-3BDE2D633CE3}.Release|x64.Build.0 = Release|x64
		{C0DD1DB6-F847-4756-92C3-3BDE2D633CE3}.Release|x86.ActiveCfg = Release|x86
		{C0DD1DB6-F847-4756-92C3-3BDE2D633CE3}.Release|x86.Build.0 = Release|x86
		{959EEF28-F631-43C0-8E19-F4BED8744EA9}.Ad-Hoc|Any CPU.ActiveCfg = Release|Any CPU
		{959EEF28-F631-43C0-8E19-F4BED8744EA9}.Ad-Hoc|Any CPU.Build.0 = Release|Any CPU
		{959EEF28-F631-43C0-8E19-F4BED8744EA9}.Ad-Hoc|Any CPU.Deploy.0 = Release|Any CPU
		{959EEF28-F631-43C0-8E19-F4BED8744EA9}.Ad-Hoc|ARM.ActiveCfg = Release|Any CPU
		{959EEF28-F631-43C0-8E19-F4BED8744EA9}.Ad-Hoc|ARM.Build.0 = Release|Any CPU
		{959EEF28-F631-43C0-8E19-F4BED8744EA9}.Ad-Hoc|ARM.Deploy.0 = Release|Any CPU
		{959EEF28-F631-43C0-8E19-F4BED8744EA9}.Ad-Hoc|iPhone.ActiveCfg = Release|Any CPU
		{959EEF28-F631-43C0-8E19-F4BED8744EA9}.Ad-Hoc|iPhone.Build.0 = Release|Any CPU
		{959EEF28-F631-43C0-8E19-F4BED8744EA9}.Ad-Hoc|iPhone.Deploy.0 = Release|Any CPU
		{959EEF28-F631-43C0-8E19-F4BED8744EA9}.Ad-Hoc|iPhoneSimulator.ActiveCfg = Release|Any CPU
		{959EEF28-F631-43C0-8E19-F4BED8744EA9}.Ad-Hoc|iPhoneSimulator.Build.0 = Release|Any CPU
		{959EEF28-F631-43C0-8E19-F4BED8744EA9}.Ad-Hoc|iPhoneSimulator.Deploy.0 = Release|Any CPU
		{959EEF28-F631-43C0-8E19-F4BED8744EA9}.Ad-Hoc|x64.ActiveCfg = Release|Any CPU
		{959EEF28-F631-43C0-8E19-F4BED8744EA9}.Ad-Hoc|x64.Build.0 = Release|Any CPU
		{959EEF28-F631-43C0-8E19-F4BED8744EA9}.Ad-Hoc|x64.Deploy.0 = Release|Any CPU
		{959EEF28-F631-43C0-8E19-F4BED8744EA9}.Ad-Hoc|x86.ActiveCfg = Release|Any CPU
		{959EEF28-F631-43C0-8E19-F4BED8744EA9}.Ad-Hoc|x86.Build.0 = Release|Any CPU
		{959EEF28-F631-43C0-8E19-F4BED8744EA9}.Ad-Hoc|x86.Deploy.0 = Release|Any CPU
		{959EEF28-F631-43C0-8E19-F4BED8744EA9}.AppStore|Any CPU.ActiveCfg = Release|Any CPU
		{959EEF28-F631-43C0-8E19-F4BED8744EA9}.AppStore|Any CPU.Build.0 = Release|Any CPU
		{959EEF28-F631-43C0-8E19-F4BED8744EA9}.AppStore|Any CPU.Deploy.0 = Release|Any CPU
		{959EEF28-F631-43C0-8E19-F4BED8744EA9}.AppStore|ARM.ActiveCfg = Release|Any CPU
		{959EEF28-F631-43C0-8E19-F4BED8744EA9}.AppStore|ARM.Build.0 = Release|Any CPU
		{959EEF28-F631-43C0-8E19-F4BED8744EA9}.AppStore|ARM.Deploy.0 = Release|Any CPU
		{959EEF28-F631-43C0-8E19-F4BED8744EA9}.AppStore|iPhone.ActiveCfg = Release|Any CPU
		{959EEF28-F631-43C0-8E19-F4BED8744EA9}.AppStore|iPhone.Build.0 = Release|Any CPU
		{959EEF28-F631-43C0-8E19-F4BED8744EA9}.AppStore|iPhone.Deploy.0 = Release|Any CPU
		{959EEF28-F631-43C0-8E19-F4BED8744EA9}.AppStore|iPhoneSimulator.ActiveCfg = Release|Any CPU
		{959EEF28-F631-43C0-8E19-F4BED8744EA9}.AppStore|iPhoneSimulator.Build.0 = Release|Any CPU
		{959EEF28-F631-43C0-8E19-F4BED8744EA9}.AppStore|iPhoneSimulator.Deploy.0 = Release|Any CPU
		{959EEF28-F631-43C0-8E19-F4BED8744EA9}.AppStore|x64.ActiveCfg = Release|Any CPU
		{959EEF28-F631-43C0-8E19-F4BED8744EA9}.AppStore|x64.Build.0 = Release|Any CPU
		{959EEF28-F631-43C0-8E19-F4BED8744EA9}.AppStore|x64.Deploy.0 = Release|Any CPU
		{959EEF28-F631-43C0-8E19-F4BED8744EA9}.AppStore|x86.ActiveCfg = Release|Any CPU
		{959EEF28-F631-43C0-8E19-F4BED8744EA9}.AppStore|x86.Build.0 = Release|Any CPU
		{959EEF28-F631-43C0-8E19-F4BED8744EA9}.AppStore|x86.Deploy.0 = Release|Any CPU
		{959EEF28-F631-43C0-8E19-F4BED8744EA9}.Debug|Any CPU.ActiveCfg = Debug|Any CPU
		{959EEF28-F631-43C0-8E19-F4BED8744EA9}.Debug|Any CPU.Build.0 = Debug|Any CPU
		{959EEF28-F631-43C0-8E19-F4BED8744EA9}.Debug|Any CPU.Deploy.0 = Debug|Any CPU
		{959EEF28-F631-43C0-8E19-F4BED8744EA9}.Debug|ARM.ActiveCfg = Debug|Any CPU
		{959EEF28-F631-43C0-8E19-F4BED8744EA9}.Debug|ARM.Build.0 = Debug|Any CPU
		{959EEF28-F631-43C0-8E19-F4BED8744EA9}.Debug|ARM.Deploy.0 = Debug|Any CPU
		{959EEF28-F631-43C0-8E19-F4BED8744EA9}.Debug|iPhone.ActiveCfg = Debug|Any CPU
		{959EEF28-F631-43C0-8E19-F4BED8744EA9}.Debug|iPhone.Build.0 = Debug|Any CPU
		{959EEF28-F631-43C0-8E19-F4BED8744EA9}.Debug|iPhone.Deploy.0 = Debug|Any CPU
		{959EEF28-F631-43C0-8E19-F4BED8744EA9}.Debug|iPhoneSimulator.ActiveCfg = Debug|Any CPU
		{959EEF28-F631-43C0-8E19-F4BED8744EA9}.Debug|iPhoneSimulator.Build.0 = Debug|Any CPU
		{959EEF28-F631-43C0-8E19-F4BED8744EA9}.Debug|iPhoneSimulator.Deploy.0 = Debug|Any CPU
		{959EEF28-F631-43C0-8E19-F4BED8744EA9}.Debug|x64.ActiveCfg = Debug|Any CPU
		{959EEF28-F631-43C0-8E19-F4BED8744EA9}.Debug|x64.Build.0 = Debug|Any CPU
		{959EEF28-F631-43C0-8E19-F4BED8744EA9}.Debug|x64.Deploy.0 = Debug|Any CPU
		{959EEF28-F631-43C0-8E19-F4BED8744EA9}.Debug|x86.ActiveCfg = Debug|Any CPU
		{959EEF28-F631-43C0-8E19-F4BED8744EA9}.Debug|x86.Build.0 = Debug|Any CPU
		{959EEF28-F631-43C0-8E19-F4BED8744EA9}.Debug|x86.Deploy.0 = Debug|Any CPU
		{959EEF28-F631-43C0-8E19-F4BED8744EA9}.Release|Any CPU.ActiveCfg = Release|Any CPU
		{959EEF28-F631-43C0-8E19-F4BED8744EA9}.Release|Any CPU.Build.0 = Release|Any CPU
		{959EEF28-F631-43C0-8E19-F4BED8744EA9}.Release|Any CPU.Deploy.0 = Release|Any CPU
		{959EEF28-F631-43C0-8E19-F4BED8744EA9}.Release|ARM.ActiveCfg = Release|Any CPU
		{959EEF28-F631-43C0-8E19-F4BED8744EA9}.Release|ARM.Build.0 = Release|Any CPU
		{959EEF28-F631-43C0-8E19-F4BED8744EA9}.Release|ARM.Deploy.0 = Release|Any CPU
		{959EEF28-F631-43C0-8E19-F4BED8744EA9}.Release|iPhone.ActiveCfg = Release|Any CPU
		{959EEF28-F631-43C0-8E19-F4BED8744EA9}.Release|iPhone.Build.0 = Release|Any CPU
		{959EEF28-F631-43C0-8E19-F4BED8744EA9}.Release|iPhone.Deploy.0 = Release|Any CPU
		{959EEF28-F631-43C0-8E19-F4BED8744EA9}.Release|iPhoneSimulator.ActiveCfg = Release|Any CPU
		{959EEF28-F631-43C0-8E19-F4BED8744EA9}.Release|iPhoneSimulator.Build.0 = Release|Any CPU
		{959EEF28-F631-43C0-8E19-F4BED8744EA9}.Release|iPhoneSimulator.Deploy.0 = Release|Any CPU
		{959EEF28-F631-43C0-8E19-F4BED8744EA9}.Release|x64.ActiveCfg = Release|Any CPU
		{959EEF28-F631-43C0-8E19-F4BED8744EA9}.Release|x64.Build.0 = Release|Any CPU
		{959EEF28-F631-43C0-8E19-F4BED8744EA9}.Release|x64.Deploy.0 = Release|Any CPU
		{959EEF28-F631-43C0-8E19-F4BED8744EA9}.Release|x86.ActiveCfg = Release|Any CPU
		{959EEF28-F631-43C0-8E19-F4BED8744EA9}.Release|x86.Build.0 = Release|Any CPU
		{959EEF28-F631-43C0-8E19-F4BED8744EA9}.Release|x86.Deploy.0 = Release|Any CPU
		{45ADE181-311F-4B1A-8094-9A984BEFDCF5}.Ad-Hoc|Any CPU.ActiveCfg = Ad-Hoc|iPhone
		{45ADE181-311F-4B1A-8094-9A984BEFDCF5}.Ad-Hoc|ARM.ActiveCfg = Ad-Hoc|iPhone
		{45ADE181-311F-4B1A-8094-9A984BEFDCF5}.Ad-Hoc|iPhone.ActiveCfg = Ad-Hoc|iPhone
		{45ADE181-311F-4B1A-8094-9A984BEFDCF5}.Ad-Hoc|iPhone.Build.0 = Ad-Hoc|iPhone
		{45ADE181-311F-4B1A-8094-9A984BEFDCF5}.Ad-Hoc|iPhoneSimulator.ActiveCfg = Ad-Hoc|iPhoneSimulator
		{45ADE181-311F-4B1A-8094-9A984BEFDCF5}.Ad-Hoc|iPhoneSimulator.Build.0 = Ad-Hoc|iPhoneSimulator
		{45ADE181-311F-4B1A-8094-9A984BEFDCF5}.Ad-Hoc|x64.ActiveCfg = Ad-Hoc|iPhone
		{45ADE181-311F-4B1A-8094-9A984BEFDCF5}.Ad-Hoc|x86.ActiveCfg = Ad-Hoc|iPhone
		{45ADE181-311F-4B1A-8094-9A984BEFDCF5}.AppStore|Any CPU.ActiveCfg = AppStore|iPhone
		{45ADE181-311F-4B1A-8094-9A984BEFDCF5}.AppStore|ARM.ActiveCfg = AppStore|iPhone
		{45ADE181-311F-4B1A-8094-9A984BEFDCF5}.AppStore|iPhone.ActiveCfg = AppStore|iPhone
		{45ADE181-311F-4B1A-8094-9A984BEFDCF5}.AppStore|iPhone.Build.0 = AppStore|iPhone
		{45ADE181-311F-4B1A-8094-9A984BEFDCF5}.AppStore|iPhoneSimulator.ActiveCfg = AppStore|iPhoneSimulator
		{45ADE181-311F-4B1A-8094-9A984BEFDCF5}.AppStore|iPhoneSimulator.Build.0 = AppStore|iPhoneSimulator
		{45ADE181-311F-4B1A-8094-9A984BEFDCF5}.AppStore|x64.ActiveCfg = AppStore|iPhone
		{45ADE181-311F-4B1A-8094-9A984BEFDCF5}.AppStore|x86.ActiveCfg = AppStore|iPhone
		{45ADE181-311F-4B1A-8094-9A984BEFDCF5}.Debug|Any CPU.ActiveCfg = Debug|iPhone
		{45ADE181-311F-4B1A-8094-9A984BEFDCF5}.Debug|ARM.ActiveCfg = Debug|iPhone
		{45ADE181-311F-4B1A-8094-9A984BEFDCF5}.Debug|iPhone.ActiveCfg = Debug|iPhone
		{45ADE181-311F-4B1A-8094-9A984BEFDCF5}.Debug|iPhone.Build.0 = Debug|iPhone
		{45ADE181-311F-4B1A-8094-9A984BEFDCF5}.Debug|iPhoneSimulator.ActiveCfg = Debug|iPhoneSimulator
		{45ADE181-311F-4B1A-8094-9A984BEFDCF5}.Debug|iPhoneSimulator.Build.0 = Debug|iPhoneSimulator
		{45ADE181-311F-4B1A-8094-9A984BEFDCF5}.Debug|x64.ActiveCfg = Debug|iPhone
		{45ADE181-311F-4B1A-8094-9A984BEFDCF5}.Debug|x86.ActiveCfg = Debug|iPhone
		{45ADE181-311F-4B1A-8094-9A984BEFDCF5}.Release|Any CPU.ActiveCfg = Release|iPhone
		{45ADE181-311F-4B1A-8094-9A984BEFDCF5}.Release|ARM.ActiveCfg = Release|iPhone
		{45ADE181-311F-4B1A-8094-9A984BEFDCF5}.Release|iPhone.ActiveCfg = Release|iPhone
		{45ADE181-311F-4B1A-8094-9A984BEFDCF5}.Release|iPhone.Build.0 = Release|iPhone
		{45ADE181-311F-4B1A-8094-9A984BEFDCF5}.Release|iPhoneSimulator.ActiveCfg = Release|iPhoneSimulator
		{45ADE181-311F-4B1A-8094-9A984BEFDCF5}.Release|iPhoneSimulator.Build.0 = Release|iPhoneSimulator
		{45ADE181-311F-4B1A-8094-9A984BEFDCF5}.Release|x64.ActiveCfg = Release|iPhone
		{45ADE181-311F-4B1A-8094-9A984BEFDCF5}.Release|x86.ActiveCfg = Release|iPhone
		{1655B96F-4C04-42D0-8637-B63FD927BCF4}.Ad-Hoc|Any CPU.ActiveCfg = Release|x86
		{1655B96F-4C04-42D0-8637-B63FD927BCF4}.Ad-Hoc|Any CPU.Build.0 = Release|x86
		{1655B96F-4C04-42D0-8637-B63FD927BCF4}.Ad-Hoc|Any CPU.Deploy.0 = Release|x86
		{1655B96F-4C04-42D0-8637-B63FD927BCF4}.Ad-Hoc|ARM.ActiveCfg = Release|ARM
		{1655B96F-4C04-42D0-8637-B63FD927BCF4}.Ad-Hoc|ARM.Build.0 = Release|ARM
		{1655B96F-4C04-42D0-8637-B63FD927BCF4}.Ad-Hoc|ARM.Deploy.0 = Release|ARM
		{1655B96F-4C04-42D0-8637-B63FD927BCF4}.Ad-Hoc|iPhone.ActiveCfg = Release|x86
		{1655B96F-4C04-42D0-8637-B63FD927BCF4}.Ad-Hoc|iPhone.Build.0 = Release|x86
		{1655B96F-4C04-42D0-8637-B63FD927BCF4}.Ad-Hoc|iPhone.Deploy.0 = Release|x86
		{1655B96F-4C04-42D0-8637-B63FD927BCF4}.Ad-Hoc|iPhoneSimulator.ActiveCfg = Release|x86
		{1655B96F-4C04-42D0-8637-B63FD927BCF4}.Ad-Hoc|iPhoneSimulator.Build.0 = Release|x86
		{1655B96F-4C04-42D0-8637-B63FD927BCF4}.Ad-Hoc|iPhoneSimulator.Deploy.0 = Release|x86
		{1655B96F-4C04-42D0-8637-B63FD927BCF4}.Ad-Hoc|x64.ActiveCfg = Release|x64
		{1655B96F-4C04-42D0-8637-B63FD927BCF4}.Ad-Hoc|x64.Build.0 = Release|x64
		{1655B96F-4C04-42D0-8637-B63FD927BCF4}.Ad-Hoc|x64.Deploy.0 = Release|x64
		{1655B96F-4C04-42D0-8637-B63FD927BCF4}.Ad-Hoc|x86.ActiveCfg = Release|x86
		{1655B96F-4C04-42D0-8637-B63FD927BCF4}.Ad-Hoc|x86.Build.0 = Release|x86
		{1655B96F-4C04-42D0-8637-B63FD927BCF4}.Ad-Hoc|x86.Deploy.0 = Release|x86
		{1655B96F-4C04-42D0-8637-B63FD927BCF4}.AppStore|Any CPU.ActiveCfg = Release|x86
		{1655B96F-4C04-42D0-8637-B63FD927BCF4}.AppStore|Any CPU.Build.0 = Release|x86
		{1655B96F-4C04-42D0-8637-B63FD927BCF4}.AppStore|Any CPU.Deploy.0 = Release|x86
		{1655B96F-4C04-42D0-8637-B63FD927BCF4}.AppStore|ARM.ActiveCfg = Release|ARM
		{1655B96F-4C04-42D0-8637-B63FD927BCF4}.AppStore|ARM.Build.0 = Release|ARM
		{1655B96F-4C04-42D0-8637-B63FD927BCF4}.AppStore|ARM.Deploy.0 = Release|ARM
		{1655B96F-4C04-42D0-8637-B63FD927BCF4}.AppStore|iPhone.ActiveCfg = Release|x86
		{1655B96F-4C04-42D0-8637-B63FD927BCF4}.AppStore|iPhone.Build.0 = Release|x86
		{1655B96F-4C04-42D0-8637-B63FD927BCF4}.AppStore|iPhone.Deploy.0 = Release|x86
		{1655B96F-4C04-42D0-8637-B63FD927BCF4}.AppStore|iPhoneSimulator.ActiveCfg = Release|x86
		{1655B96F-4C04-42D0-8637-B63FD927BCF4}.AppStore|iPhoneSimulator.Build.0 = Release|x86
		{1655B96F-4C04-42D0-8637-B63FD927BCF4}.AppStore|iPhoneSimulator.Deploy.0 = Release|x86
		{1655B96F-4C04-42D0-8637-B63FD927BCF4}.AppStore|x64.ActiveCfg = Release|x64
		{1655B96F-4C04-42D0-8637-B63FD927BCF4}.AppStore|x64.Build.0 = Release|x64
		{1655B96F-4C04-42D0-8637-B63FD927BCF4}.AppStore|x64.Deploy.0 = Release|x64
		{1655B96F-4C04-42D0-8637-B63FD927BCF4}.AppStore|x86.ActiveCfg = Release|x86
		{1655B96F-4C04-42D0-8637-B63FD927BCF4}.AppStore|x86.Build.0 = Release|x86
		{1655B96F-4C04-42D0-8637-B63FD927BCF4}.AppStore|x86.Deploy.0 = Release|x86
		{1655B96F-4C04-42D0-8637-B63FD927BCF4}.Debug|Any CPU.ActiveCfg = Debug|x86
		{1655B96F-4C04-42D0-8637-B63FD927BCF4}.Debug|ARM.ActiveCfg = Debug|ARM
		{1655B96F-4C04-42D0-8637-B63FD927BCF4}.Debug|ARM.Build.0 = Debug|ARM
		{1655B96F-4C04-42D0-8637-B63FD927BCF4}.Debug|ARM.Deploy.0 = Debug|ARM
		{1655B96F-4C04-42D0-8637-B63FD927BCF4}.Debug|iPhone.ActiveCfg = Debug|x86
		{1655B96F-4C04-42D0-8637-B63FD927BCF4}.Debug|iPhoneSimulator.ActiveCfg = Debug|x86
		{1655B96F-4C04-42D0-8637-B63FD927BCF4}.Debug|x64.ActiveCfg = Debug|x64
		{1655B96F-4C04-42D0-8637-B63FD927BCF4}.Debug|x64.Build.0 = Debug|x64
		{1655B96F-4C04-42D0-8637-B63FD927BCF4}.Debug|x64.Deploy.0 = Debug|x64
		{1655B96F-4C04-42D0-8637-B63FD927BCF4}.Debug|x86.ActiveCfg = Debug|x86
		{1655B96F-4C04-42D0-8637-B63FD927BCF4}.Debug|x86.Build.0 = Debug|x86
		{1655B96F-4C04-42D0-8637-B63FD927BCF4}.Debug|x86.Deploy.0 = Debug|x86
		{1655B96F-4C04-42D0-8637-B63FD927BCF4}.Release|Any CPU.ActiveCfg = Release|x86
		{1655B96F-4C04-42D0-8637-B63FD927BCF4}.Release|ARM.ActiveCfg = Release|ARM
		{1655B96F-4C04-42D0-8637-B63FD927BCF4}.Release|ARM.Build.0 = Release|ARM
		{1655B96F-4C04-42D0-8637-B63FD927BCF4}.Release|ARM.Deploy.0 = Release|ARM
		{1655B96F-4C04-42D0-8637-B63FD927BCF4}.Release|iPhone.ActiveCfg = Release|x86
		{1655B96F-4C04-42D0-8637-B63FD927BCF4}.Release|iPhoneSimulator.ActiveCfg = Release|x86
		{1655B96F-4C04-42D0-8637-B63FD927BCF4}.Release|x64.ActiveCfg = Release|x64
		{1655B96F-4C04-42D0-8637-B63FD927BCF4}.Release|x64.Build.0 = Release|x64
		{1655B96F-4C04-42D0-8637-B63FD927BCF4}.Release|x64.Deploy.0 = Release|x64
		{1655B96F-4C04-42D0-8637-B63FD927BCF4}.Release|x86.ActiveCfg = Release|x86
		{1655B96F-4C04-42D0-8637-B63FD927BCF4}.Release|x86.Build.0 = Release|x86
		{1655B96F-4C04-42D0-8637-B63FD927BCF4}.Release|x86.Deploy.0 = Release|x86
		{349F193A-0F5E-4FFC-BF62-2E3B1944FCA1}.Ad-Hoc|Any CPU.ActiveCfg = Debug|Any CPU
		{349F193A-0F5E-4FFC-BF62-2E3B1944FCA1}.Ad-Hoc|Any CPU.Build.0 = Debug|Any CPU
		{349F193A-0F5E-4FFC-BF62-2E3B1944FCA1}.Ad-Hoc|ARM.ActiveCfg = Debug|Any CPU
		{349F193A-0F5E-4FFC-BF62-2E3B1944FCA1}.Ad-Hoc|ARM.Build.0 = Debug|Any CPU
		{349F193A-0F5E-4FFC-BF62-2E3B1944FCA1}.Ad-Hoc|iPhone.ActiveCfg = Debug|Any CPU
		{349F193A-0F5E-4FFC-BF62-2E3B1944FCA1}.Ad-Hoc|iPhone.Build.0 = Debug|Any CPU
		{349F193A-0F5E-4FFC-BF62-2E3B1944FCA1}.Ad-Hoc|iPhoneSimulator.ActiveCfg = Debug|Any CPU
		{349F193A-0F5E-4FFC-BF62-2E3B1944FCA1}.Ad-Hoc|iPhoneSimulator.Build.0 = Debug|Any CPU
		{349F193A-0F5E-4FFC-BF62-2E3B1944FCA1}.Ad-Hoc|x64.ActiveCfg = Debug|Any CPU
		{349F193A-0F5E-4FFC-BF62-2E3B1944FCA1}.Ad-Hoc|x64.Build.0 = Debug|Any CPU
		{349F193A-0F5E-4FFC-BF62-2E3B1944FCA1}.Ad-Hoc|x86.ActiveCfg = Debug|Any CPU
		{349F193A-0F5E-4FFC-BF62-2E3B1944FCA1}.Ad-Hoc|x86.Build.0 = Debug|Any CPU
		{349F193A-0F5E-4FFC-BF62-2E3B1944FCA1}.AppStore|Any CPU.ActiveCfg = Debug|Any CPU
		{349F193A-0F5E-4FFC-BF62-2E3B1944FCA1}.AppStore|Any CPU.Build.0 = Debug|Any CPU
		{349F193A-0F5E-4FFC-BF62-2E3B1944FCA1}.AppStore|ARM.ActiveCfg = Debug|Any CPU
		{349F193A-0F5E-4FFC-BF62-2E3B1944FCA1}.AppStore|ARM.Build.0 = Debug|Any CPU
		{349F193A-0F5E-4FFC-BF62-2E3B1944FCA1}.AppStore|iPhone.ActiveCfg = Debug|Any CPU
		{349F193A-0F5E-4FFC-BF62-2E3B1944FCA1}.AppStore|iPhone.Build.0 = Debug|Any CPU
		{349F193A-0F5E-4FFC-BF62-2E3B1944FCA1}.AppStore|iPhoneSimulator.ActiveCfg = Debug|Any CPU
		{349F193A-0F5E-4FFC-BF62-2E3B1944FCA1}.AppStore|iPhoneSimulator.Build.0 = Debug|Any CPU
		{349F193A-0F5E-4FFC-BF62-2E3B1944FCA1}.AppStore|x64.ActiveCfg = Debug|Any CPU
		{349F193A-0F5E-4FFC-BF62-2E3B1944FCA1}.AppStore|x64.Build.0 = Debug|Any CPU
		{349F193A-0F5E-4FFC-BF62-2E3B1944FCA1}.AppStore|x86.ActiveCfg = Debug|Any CPU
		{349F193A-0F5E-4FFC-BF62-2E3B1944FCA1}.AppStore|x86.Build.0 = Debug|Any CPU
		{349F193A-0F5E-4FFC-BF62-2E3B1944FCA1}.Debug|Any CPU.ActiveCfg = Debug|Any CPU
		{349F193A-0F5E-4FFC-BF62-2E3B1944FCA1}.Debug|Any CPU.Build.0 = Debug|Any CPU
		{349F193A-0F5E-4FFC-BF62-2E3B1944FCA1}.Debug|ARM.ActiveCfg = Debug|Any CPU
		{349F193A-0F5E-4FFC-BF62-2E3B1944FCA1}.Debug|ARM.Build.0 = Debug|Any CPU
		{349F193A-0F5E-4FFC-BF62-2E3B1944FCA1}.Debug|iPhone.ActiveCfg = Debug|Any CPU
		{349F193A-0F5E-4FFC-BF62-2E3B1944FCA1}.Debug|iPhone.Build.0 = Debug|Any CPU
		{349F193A-0F5E-4FFC-BF62-2E3B1944FCA1}.Debug|iPhoneSimulator.ActiveCfg = Debug|Any CPU
		{349F193A-0F5E-4FFC-BF62-2E3B1944FCA1}.Debug|iPhoneSimulator.Build.0 = Debug|Any CPU
		{349F193A-0F5E-4FFC-BF62-2E3B1944FCA1}.Debug|x64.ActiveCfg = Debug|Any CPU
		{349F193A-0F5E-4FFC-BF62-2E3B1944FCA1}.Debug|x64.Build.0 = Debug|Any CPU
		{349F193A-0F5E-4FFC-BF62-2E3B1944FCA1}.Debug|x86.ActiveCfg = Debug|Any CPU
		{349F193A-0F5E-4FFC-BF62-2E3B1944FCA1}.Debug|x86.Build.0 = Debug|Any CPU
		{349F193A-0F5E-4FFC-BF62-2E3B1944FCA1}.Release|Any CPU.ActiveCfg = Release|Any CPU
		{349F193A-0F5E-4FFC-BF62-2E3B1944FCA1}.Release|Any CPU.Build.0 = Release|Any CPU
		{349F193A-0F5E-4FFC-BF62-2E3B1944FCA1}.Release|ARM.ActiveCfg = Release|Any CPU
		{349F193A-0F5E-4FFC-BF62-2E3B1944FCA1}.Release|ARM.Build.0 = Release|Any CPU
		{349F193A-0F5E-4FFC-BF62-2E3B1944FCA1}.Release|iPhone.ActiveCfg = Release|Any CPU
		{349F193A-0F5E-4FFC-BF62-2E3B1944FCA1}.Release|iPhone.Build.0 = Release|Any CPU
		{349F193A-0F5E-4FFC-BF62-2E3B1944FCA1}.Release|iPhoneSimulator.ActiveCfg = Release|Any CPU
		{349F193A-0F5E-4FFC-BF62-2E3B1944FCA1}.Release|iPhoneSimulator.Build.0 = Release|Any CPU
		{349F193A-0F5E-4FFC-BF62-2E3B1944FCA1}.Release|x64.ActiveCfg = Release|Any CPU
		{349F193A-0F5E-4FFC-BF62-2E3B1944FCA1}.Release|x64.Build.0 = Release|Any CPU
		{349F193A-0F5E-4FFC-BF62-2E3B1944FCA1}.Release|x86.ActiveCfg = Release|Any CPU
		{349F193A-0F5E-4FFC-BF62-2E3B1944FCA1}.Release|x86.Build.0 = Release|Any CPU
	EndGlobalSection
	GlobalSection(SolutionProperties) = preSolution
		HideSolutionNode = FALSE
	EndGlobalSection
	GlobalSection(NestedProjects) = preSolution
		{74AF6AEF-7B1C-4EF5-B739-81336FEC3D10} = {E063273C-C77E-4D1A-9236-E048A370CE53}
		{6BFE2F86-414D-4785-BA77-988D0819FE74} = {E063273C-C77E-4D1A-9236-E048A370CE53}
		{E151A448-FA0F-4560-B4D3-764C5B9B3CF4} = {E063273C-C77E-4D1A-9236-E048A370CE53}
		{E28D4717-3E7B-4864-BFDE-2BEE73105A48} = {E063273C-C77E-4D1A-9236-E048A370CE53}
		{36C91DED-47A4-48D4-B0A9-E392CE99022B} = {01030587-B127-40B3-B6C6-9C3406B7A02B}
		{339BB092-5171-4BAF-B73B-D8E863F8FEE6} = {01030587-B127-40B3-B6C6-9C3406B7A02B}
		{8B8EC841-5519-4987-873B-BB573CC49601} = {01030587-B127-40B3-B6C6-9C3406B7A02B}
		{C0DD1DB6-F847-4756-92C3-3BDE2D633CE3} = {01030587-B127-40B3-B6C6-9C3406B7A02B}
		{959EEF28-F631-43C0-8E19-F4BED8744EA9} = {D4AD038E-1E49-4ED9-8709-2A73B9A7C725}
		{45ADE181-311F-4B1A-8094-9A984BEFDCF5} = {D4AD038E-1E49-4ED9-8709-2A73B9A7C725}
		{1655B96F-4C04-42D0-8637-B63FD927BCF4} = {D4AD038E-1E49-4ED9-8709-2A73B9A7C725}
		{349F193A-0F5E-4FFC-BF62-2E3B1944FCA1} = {D4AD038E-1E49-4ED9-8709-2A73B9A7C725}
	EndGlobalSection
	GlobalSection(ExtensibilityGlobals) = postSolution
		SolutionGuid = {118A424F-3A39-43C2-986D-C2812CBE2077}
	EndGlobalSection
EndGlobal
