
Microsoft Visual Studio Solution File, Format Version 12.00
# Visual Studio 15
VisualStudioVersion = 15.0.26730.12
MinimumVisualStudioVersion = 10.0.40219.1
Project("{FAE04EC0-301F-11D3-BF4B-00C04F79EFBC}") = "SampleLocalApp.Android", "SampleLocalApp\SampleLocalApp.Android\SampleLocalApp.Android.csproj", "{86AFD04D-30E4-44AF-B465-30CA49C6033C}"
EndProject
Project("{FAE04EC0-301F-11D3-BF4B-00C04F79EFBC}") = "SampleLocalApp.UWP", "SampleLocalApp\SampleLocalApp.UWP\SampleLocalApp.UWP.csproj", "{37971EB4-8167-4C6C-A0DD-6F9A2C3E474F}"
EndProject
Project("{FAE04EC0-301F-11D3-BF4B-00C04F79EFBC}") = "SampleLocalApp.iOS", "SampleLocalApp\SampleLocalApp.iOS\SampleLocalApp.iOS.csproj", "{1C0353F6-AD85-4DFF-BB2F-245AA9ED355E}"
EndProject
Project("{2150E333-8FDC-42A3-9474-1A3956D46DE8}") = "Library", "Library", "{D0576A38-5503-4E1C-9E71-5DD15B683414}"
EndProject
Project("{9A19103F-16F7-4668-BE54-9A1E7A4F7556}") = "SampleLocalApp", "SampleLocalApp\SampleLocalApp\SampleLocalApp.csproj", "{3F2C618B-0897-4B14-936F-4E64E3F60E1B}"
EndProject
Project("{2150E333-8FDC-42A3-9474-1A3956D46DE8}") = "Local", "Local", "{74E76450-2A19-4344-9E65-EC4A1E131783}"
EndProject
Project("{2150E333-8FDC-42A3-9474-1A3956D46DE8}") = "NuGet", "NuGet", "{CE225C89-0583-442E-9FF5-40914426E8B7}"
EndProject
Project("{9A19103F-16F7-4668-BE54-9A1E7A4F7556}") = "SampleNuGetApp", "SampleNuGetApp\SampleNuGetApp\SampleNuGetApp.csproj", "{0367DD23-D6F9-4052-A353-C3A68F88E85E}"
EndProject
Project("{FAE04EC0-301F-11D3-BF4B-00C04F79EFBC}") = "SampleNuGetApp.Android", "SampleNuGetApp\SampleNuGetApp.Android\SampleNuGetApp.Android.csproj", "{BE8A189D-3947-4395-AF8D-D8685AB84FF2}"
EndProject
Project("{FAE04EC0-301F-11D3-BF4B-00C04F79EFBC}") = "SampleNuGetApp.iOS", "SampleNuGetApp\SampleNuGetApp.iOS\SampleNuGetApp.iOS.csproj", "{0912853B-7711-44A4-8913-A040FCB93AA1}"
EndProject
Project("{FAE04EC0-301F-11D3-BF4B-00C04F79EFBC}") = "SampleNuGetApp.UWP", "SampleNuGetApp\SampleNuGetApp.UWP\SampleNuGetApp.UWP.csproj", "{7286F725-9843-4557-BA5A-5B202E00489B}"
EndProject
Project("{9A19103F-16F7-4668-BE54-9A1E7A4F7556}") = "Forms.Controls", "..\Forms.Controls\Forms.Controls.csproj", "{2211D3B4-3522-415D-9B78-15C2AD30BE32}"
EndProject
Project("{FAE04EC0-301F-11D3-BF4B-00C04F79EFBC}") = "Forms.Controls.Android", "..\Forms.Controls.Android\Forms.Controls.Android.csproj", "{8231D850-4341-4EE5-8189-2FFE94C3B817}"
EndProject
Project("{FAE04EC0-301F-11D3-BF4B-00C04F79EFBC}") = "Forms.Controls.iOS", "..\Forms.Controls.iOS\Forms.Controls.iOS.csproj", "{1A2066A2-1606-474E-B86F-A31AFE13EF89}"
EndProject
Project("{FAE04EC0-301F-11D3-BF4B-00C04F79EFBC}") = "Forms.Uwp.Controls", "..\Forms.Uwp.Controls\Forms.Uwp.Controls.csproj", "{85C79395-1BB9-44EB-BA59-D64474E5C366}"
EndProject
Global
	GlobalSection(SolutionConfigurationPlatforms) = preSolution
		Ad-Hoc|Any CPU = Ad-Hoc|Any CPU
		Ad-Hoc|ARM = Ad-Hoc|ARM
		Ad-Hoc|iPhone = Ad-Hoc|iPhone
		Ad-Hoc|iPhoneSimulator = Ad-Hoc|iPhoneSimulator
		Ad-Hoc|x64 = Ad-Hoc|x64
		Ad-Hoc|x86 = Ad-Hoc|x86
		AppStore|Any CPU = AppStore|Any CPU
		AppStore|ARM = AppStore|ARM
		AppStore|iPhone = AppStore|iPhone
		AppStore|iPhoneSimulator = AppStore|iPhoneSimulator
		AppStore|x64 = AppStore|x64
		AppStore|x86 = AppStore|x86
		Debug|Any CPU = Debug|Any CPU
		Debug|ARM = Debug|ARM
		Debug|iPhone = Debug|iPhone
		Debug|iPhoneSimulator = Debug|iPhoneSimulator
		Debug|x64 = Debug|x64
		Debug|x86 = Debug|x86
		Release|Any CPU = Release|Any CPU
		Release|ARM = Release|ARM
		Release|iPhone = Release|iPhone
		Release|iPhoneSimulator = Release|iPhoneSimulator
		Release|x64 = Release|x64
		Release|x86 = Release|x86
	EndGlobalSection
	GlobalSection(ProjectConfigurationPlatforms) = postSolution
		{86AFD04D-30E4-44AF-B465-30CA49C6033C}.Ad-Hoc|Any CPU.ActiveCfg = Release|Any CPU
		{86AFD04D-30E4-44AF-B465-30CA49C6033C}.Ad-Hoc|Any CPU.Build.0 = Release|Any CPU
		{86AFD04D-30E4-44AF-B465-30CA49C6033C}.Ad-Hoc|Any CPU.Deploy.0 = Release|Any CPU
		{86AFD04D-30E4-44AF-B465-30CA49C6033C}.Ad-Hoc|ARM.ActiveCfg = Release|Any CPU
		{86AFD04D-30E4-44AF-B465-30CA49C6033C}.Ad-Hoc|ARM.Build.0 = Release|Any CPU
		{86AFD04D-30E4-44AF-B465-30CA49C6033C}.Ad-Hoc|ARM.Deploy.0 = Release|Any CPU
		{86AFD04D-30E4-44AF-B465-30CA49C6033C}.Ad-Hoc|iPhone.ActiveCfg = Release|Any CPU
		{86AFD04D-30E4-44AF-B465-30CA49C6033C}.Ad-Hoc|iPhone.Build.0 = Release|Any CPU
		{86AFD04D-30E4-44AF-B465-30CA49C6033C}.Ad-Hoc|iPhone.Deploy.0 = Release|Any CPU
		{86AFD04D-30E4-44AF-B465-30CA49C6033C}.Ad-Hoc|iPhoneSimulator.ActiveCfg = Release|Any CPU
		{86AFD04D-30E4-44AF-B465-30CA49C6033C}.Ad-Hoc|iPhoneSimulator.Build.0 = Release|Any CPU
		{86AFD04D-30E4-44AF-B465-30CA49C6033C}.Ad-Hoc|iPhoneSimulator.Deploy.0 = Release|Any CPU
		{86AFD04D-30E4-44AF-B465-30CA49C6033C}.Ad-Hoc|x64.ActiveCfg = Release|Any CPU
		{86AFD04D-30E4-44AF-B465-30CA49C6033C}.Ad-Hoc|x64.Build.0 = Release|Any CPU
		{86AFD04D-30E4-44AF-B465-30CA49C6033C}.Ad-Hoc|x64.Deploy.0 = Release|Any CPU
		{86AFD04D-30E4-44AF-B465-30CA49C6033C}.Ad-Hoc|x86.ActiveCfg = Release|Any CPU
		{86AFD04D-30E4-44AF-B465-30CA49C6033C}.Ad-Hoc|x86.Build.0 = Release|Any CPU
		{86AFD04D-30E4-44AF-B465-30CA49C6033C}.Ad-Hoc|x86.Deploy.0 = Release|Any CPU
		{86AFD04D-30E4-44AF-B465-30CA49C6033C}.AppStore|Any CPU.ActiveCfg = Release|Any CPU
		{86AFD04D-30E4-44AF-B465-30CA49C6033C}.AppStore|Any CPU.Build.0 = Release|Any CPU
		{86AFD04D-30E4-44AF-B465-30CA49C6033C}.AppStore|Any CPU.Deploy.0 = Release|Any CPU
		{86AFD04D-30E4-44AF-B465-30CA49C6033C}.AppStore|ARM.ActiveCfg = Release|Any CPU
		{86AFD04D-30E4-44AF-B465-30CA49C6033C}.AppStore|ARM.Build.0 = Release|Any CPU
		{86AFD04D-30E4-44AF-B465-30CA49C6033C}.AppStore|ARM.Deploy.0 = Release|Any CPU
		{86AFD04D-30E4-44AF-B465-30CA49C6033C}.AppStore|iPhone.ActiveCfg = Release|Any CPU
		{86AFD04D-30E4-44AF-B465-30CA49C6033C}.AppStore|iPhone.Build.0 = Release|Any CPU
		{86AFD04D-30E4-44AF-B465-30CA49C6033C}.AppStore|iPhone.Deploy.0 = Release|Any CPU
		{86AFD04D-30E4-44AF-B465-30CA49C6033C}.AppStore|iPhoneSimulator.ActiveCfg = Release|Any CPU
		{86AFD04D-30E4-44AF-B465-30CA49C6033C}.AppStore|iPhoneSimulator.Build.0 = Release|Any CPU
		{86AFD04D-30E4-44AF-B465-30CA49C6033C}.AppStore|iPhoneSimulator.Deploy.0 = Release|Any CPU
		{86AFD04D-30E4-44AF-B465-30CA49C6033C}.AppStore|x64.ActiveCfg = Release|Any CPU
		{86AFD04D-30E4-44AF-B465-30CA49C6033C}.AppStore|x64.Build.0 = Release|Any CPU
		{86AFD04D-30E4-44AF-B465-30CA49C6033C}.AppStore|x64.Deploy.0 = Release|Any CPU
		{86AFD04D-30E4-44AF-B465-30CA49C6033C}.AppStore|x86.ActiveCfg = Release|Any CPU
		{86AFD04D-30E4-44AF-B465-30CA49C6033C}.AppStore|x86.Build.0 = Release|Any CPU
		{86AFD04D-30E4-44AF-B465-30CA49C6033C}.AppStore|x86.Deploy.0 = Release|Any CPU
		{86AFD04D-30E4-44AF-B465-30CA49C6033C}.Debug|Any CPU.ActiveCfg = Debug|Any CPU
		{86AFD04D-30E4-44AF-B465-30CA49C6033C}.Debug|Any CPU.Build.0 = Debug|Any CPU
		{86AFD04D-30E4-44AF-B465-30CA49C6033C}.Debug|Any CPU.Deploy.0 = Debug|Any CPU
		{86AFD04D-30E4-44AF-B465-30CA49C6033C}.Debug|ARM.ActiveCfg = Debug|Any CPU
		{86AFD04D-30E4-44AF-B465-30CA49C6033C}.Debug|ARM.Build.0 = Debug|Any CPU
		{86AFD04D-30E4-44AF-B465-30CA49C6033C}.Debug|ARM.Deploy.0 = Debug|Any CPU
		{86AFD04D-30E4-44AF-B465-30CA49C6033C}.Debug|iPhone.ActiveCfg = Debug|Any CPU
		{86AFD04D-30E4-44AF-B465-30CA49C6033C}.Debug|iPhone.Build.0 = Debug|Any CPU
		{86AFD04D-30E4-44AF-B465-30CA49C6033C}.Debug|iPhone.Deploy.0 = Debug|Any CPU
		{86AFD04D-30E4-44AF-B465-30CA49C6033C}.Debug|iPhoneSimulator.ActiveCfg = Debug|Any CPU
		{86AFD04D-30E4-44AF-B465-30CA49C6033C}.Debug|iPhoneSimulator.Build.0 = Debug|Any CPU
		{86AFD04D-30E4-44AF-B465-30CA49C6033C}.Debug|iPhoneSimulator.Deploy.0 = Debug|Any CPU
		{86AFD04D-30E4-44AF-B465-30CA49C6033C}.Debug|x64.ActiveCfg = Debug|Any CPU
		{86AFD04D-30E4-44AF-B465-30CA49C6033C}.Debug|x64.Build.0 = Debug|Any CPU
		{86AFD04D-30E4-44AF-B465-30CA49C6033C}.Debug|x64.Deploy.0 = Debug|Any CPU
		{86AFD04D-30E4-44AF-B465-30CA49C6033C}.Debug|x86.ActiveCfg = Debug|Any CPU
		{86AFD04D-30E4-44AF-B465-30CA49C6033C}.Debug|x86.Build.0 = Debug|Any CPU
		{86AFD04D-30E4-44AF-B465-30CA49C6033C}.Debug|x86.Deploy.0 = Debug|Any CPU
		{86AFD04D-30E4-44AF-B465-30CA49C6033C}.Release|Any CPU.ActiveCfg = Release|Any CPU
		{86AFD04D-30E4-44AF-B465-30CA49C6033C}.Release|Any CPU.Build.0 = Release|Any CPU
		{86AFD04D-30E4-44AF-B465-30CA49C6033C}.Release|Any CPU.Deploy.0 = Release|Any CPU
		{86AFD04D-30E4-44AF-B465-30CA49C6033C}.Release|ARM.ActiveCfg = Release|Any CPU
		{86AFD04D-30E4-44AF-B465-30CA49C6033C}.Release|ARM.Build.0 = Release|Any CPU
		{86AFD04D-30E4-44AF-B465-30CA49C6033C}.Release|ARM.Deploy.0 = Release|Any CPU
		{86AFD04D-30E4-44AF-B465-30CA49C6033C}.Release|iPhone.ActiveCfg = Release|Any CPU
		{86AFD04D-30E4-44AF-B465-30CA49C6033C}.Release|iPhone.Build.0 = Release|Any CPU
		{86AFD04D-30E4-44AF-B465-30CA49C6033C}.Release|iPhone.Deploy.0 = Release|Any CPU
		{86AFD04D-30E4-44AF-B465-30CA49C6033C}.Release|iPhoneSimulator.ActiveCfg = Release|Any CPU
		{86AFD04D-30E4-44AF-B465-30CA49C6033C}.Release|iPhoneSimulator.Build.0 = Release|Any CPU
		{86AFD04D-30E4-44AF-B465-30CA49C6033C}.Release|iPhoneSimulator.Deploy.0 = Release|Any CPU
		{86AFD04D-30E4-44AF-B465-30CA49C6033C}.Release|x64.ActiveCfg = Release|Any CPU
		{86AFD04D-30E4-44AF-B465-30CA49C6033C}.Release|x64.Build.0 = Release|Any CPU
		{86AFD04D-30E4-44AF-B465-30CA49C6033C}.Release|x64.Deploy.0 = Release|Any CPU
		{86AFD04D-30E4-44AF-B465-30CA49C6033C}.Release|x86.ActiveCfg = Release|Any CPU
		{86AFD04D-30E4-44AF-B465-30CA49C6033C}.Release|x86.Build.0 = Release|Any CPU
		{86AFD04D-30E4-44AF-B465-30CA49C6033C}.Release|x86.Deploy.0 = Release|Any CPU
		{37971EB4-8167-4C6C-A0DD-6F9A2C3E474F}.Ad-Hoc|Any CPU.ActiveCfg = Release|x86
		{37971EB4-8167-4C6C-A0DD-6F9A2C3E474F}.Ad-Hoc|Any CPU.Build.0 = Release|x86
		{37971EB4-8167-4C6C-A0DD-6F9A2C3E474F}.Ad-Hoc|Any CPU.Deploy.0 = Release|x86
		{37971EB4-8167-4C6C-A0DD-6F9A2C3E474F}.Ad-Hoc|ARM.ActiveCfg = Release|ARM
		{37971EB4-8167-4C6C-A0DD-6F9A2C3E474F}.Ad-Hoc|ARM.Build.0 = Release|ARM
		{37971EB4-8167-4C6C-A0DD-6F9A2C3E474F}.Ad-Hoc|ARM.Deploy.0 = Release|ARM
		{37971EB4-8167-4C6C-A0DD-6F9A2C3E474F}.Ad-Hoc|iPhone.ActiveCfg = Release|x86
		{37971EB4-8167-4C6C-A0DD-6F9A2C3E474F}.Ad-Hoc|iPhone.Build.0 = Release|x86
		{37971EB4-8167-4C6C-A0DD-6F9A2C3E474F}.Ad-Hoc|iPhone.Deploy.0 = Release|x86
		{37971EB4-8167-4C6C-A0DD-6F9A2C3E474F}.Ad-Hoc|iPhoneSimulator.ActiveCfg = Release|x86
		{37971EB4-8167-4C6C-A0DD-6F9A2C3E474F}.Ad-Hoc|iPhoneSimulator.Build.0 = Release|x86
		{37971EB4-8167-4C6C-A0DD-6F9A2C3E474F}.Ad-Hoc|iPhoneSimulator.Deploy.0 = Release|x86
		{37971EB4-8167-4C6C-A0DD-6F9A2C3E474F}.Ad-Hoc|x64.ActiveCfg = Release|x64
		{37971EB4-8167-4C6C-A0DD-6F9A2C3E474F}.Ad-Hoc|x64.Build.0 = Release|x64
		{37971EB4-8167-4C6C-A0DD-6F9A2C3E474F}.Ad-Hoc|x64.Deploy.0 = Release|x64
		{37971EB4-8167-4C6C-A0DD-6F9A2C3E474F}.Ad-Hoc|x86.ActiveCfg = Release|x86
		{37971EB4-8167-4C6C-A0DD-6F9A2C3E474F}.Ad-Hoc|x86.Build.0 = Release|x86
		{37971EB4-8167-4C6C-A0DD-6F9A2C3E474F}.Ad-Hoc|x86.Deploy.0 = Release|x86
		{37971EB4-8167-4C6C-A0DD-6F9A2C3E474F}.AppStore|Any CPU.ActiveCfg = Release|x86
		{37971EB4-8167-4C6C-A0DD-6F9A2C3E474F}.AppStore|Any CPU.Build.0 = Release|x86
		{37971EB4-8167-4C6C-A0DD-6F9A2C3E474F}.AppStore|Any CPU.Deploy.0 = Release|x86
		{37971EB4-8167-4C6C-A0DD-6F9A2C3E474F}.AppStore|ARM.ActiveCfg = Release|ARM
		{37971EB4-8167-4C6C-A0DD-6F9A2C3E474F}.AppStore|ARM.Build.0 = Release|ARM
		{37971EB4-8167-4C6C-A0DD-6F9A2C3E474F}.AppStore|ARM.Deploy.0 = Release|ARM
		{37971EB4-8167-4C6C-A0DD-6F9A2C3E474F}.AppStore|iPhone.ActiveCfg = Release|x86
		{37971EB4-8167-4C6C-A0DD-6F9A2C3E474F}.AppStore|iPhone.Build.0 = Release|x86
		{37971EB4-8167-4C6C-A0DD-6F9A2C3E474F}.AppStore|iPhone.Deploy.0 = Release|x86
		{37971EB4-8167-4C6C-A0DD-6F9A2C3E474F}.AppStore|iPhoneSimulator.ActiveCfg = Release|x86
		{37971EB4-8167-4C6C-A0DD-6F9A2C3E474F}.AppStore|iPhoneSimulator.Build.0 = Release|x86
		{37971EB4-8167-4C6C-A0DD-6F9A2C3E474F}.AppStore|iPhoneSimulator.Deploy.0 = Release|x86
		{37971EB4-8167-4C6C-A0DD-6F9A2C3E474F}.AppStore|x64.ActiveCfg = Release|x64
		{37971EB4-8167-4C6C-A0DD-6F9A2C3E474F}.AppStore|x64.Build.0 = Release|x64
		{37971EB4-8167-4C6C-A0DD-6F9A2C3E474F}.AppStore|x64.Deploy.0 = Release|x64
		{37971EB4-8167-4C6C-A0DD-6F9A2C3E474F}.AppStore|x86.ActiveCfg = Release|x86
		{37971EB4-8167-4C6C-A0DD-6F9A2C3E474F}.AppStore|x86.Build.0 = Release|x86
		{37971EB4-8167-4C6C-A0DD-6F9A2C3E474F}.AppStore|x86.Deploy.0 = Release|x86
		{37971EB4-8167-4C6C-A0DD-6F9A2C3E474F}.Debug|Any CPU.ActiveCfg = Debug|x86
		{37971EB4-8167-4C6C-A0DD-6F9A2C3E474F}.Debug|ARM.ActiveCfg = Debug|ARM
		{37971EB4-8167-4C6C-A0DD-6F9A2C3E474F}.Debug|ARM.Build.0 = Debug|ARM
		{37971EB4-8167-4C6C-A0DD-6F9A2C3E474F}.Debug|ARM.Deploy.0 = Debug|ARM
		{37971EB4-8167-4C6C-A0DD-6F9A2C3E474F}.Debug|iPhone.ActiveCfg = Debug|x86
		{37971EB4-8167-4C6C-A0DD-6F9A2C3E474F}.Debug|iPhoneSimulator.ActiveCfg = Debug|x86
		{37971EB4-8167-4C6C-A0DD-6F9A2C3E474F}.Debug|x64.ActiveCfg = Debug|x64
		{37971EB4-8167-4C6C-A0DD-6F9A2C3E474F}.Debug|x64.Build.0 = Debug|x64
		{37971EB4-8167-4C6C-A0DD-6F9A2C3E474F}.Debug|x64.Deploy.0 = Debug|x64
		{37971EB4-8167-4C6C-A0DD-6F9A2C3E474F}.Debug|x86.ActiveCfg = Debug|x86
		{37971EB4-8167-4C6C-A0DD-6F9A2C3E474F}.Debug|x86.Build.0 = Debug|x86
		{37971EB4-8167-4C6C-A0DD-6F9A2C3E474F}.Debug|x86.Deploy.0 = Debug|x86
		{37971EB4-8167-4C6C-A0DD-6F9A2C3E474F}.Release|Any CPU.ActiveCfg = Release|x86
		{37971EB4-8167-4C6C-A0DD-6F9A2C3E474F}.Release|ARM.ActiveCfg = Release|ARM
		{37971EB4-8167-4C6C-A0DD-6F9A2C3E474F}.Release|ARM.Build.0 = Release|ARM
		{37971EB4-8167-4C6C-A0DD-6F9A2C3E474F}.Release|ARM.Deploy.0 = Release|ARM
		{37971EB4-8167-4C6C-A0DD-6F9A2C3E474F}.Release|iPhone.ActiveCfg = Release|x86
		{37971EB4-8167-4C6C-A0DD-6F9A2C3E474F}.Release|iPhoneSimulator.ActiveCfg = Release|x86
		{37971EB4-8167-4C6C-A0DD-6F9A2C3E474F}.Release|x64.ActiveCfg = Release|x64
		{37971EB4-8167-4C6C-A0DD-6F9A2C3E474F}.Release|x64.Build.0 = Release|x64
		{37971EB4-8167-4C6C-A0DD-6F9A2C3E474F}.Release|x64.Deploy.0 = Release|x64
		{37971EB4-8167-4C6C-A0DD-6F9A2C3E474F}.Release|x86.ActiveCfg = Release|x86
		{37971EB4-8167-4C6C-A0DD-6F9A2C3E474F}.Release|x86.Build.0 = Release|x86
		{37971EB4-8167-4C6C-A0DD-6F9A2C3E474F}.Release|x86.Deploy.0 = Release|x86
		{1C0353F6-AD85-4DFF-BB2F-245AA9ED355E}.Ad-Hoc|Any CPU.ActiveCfg = Ad-Hoc|iPhone
		{1C0353F6-AD85-4DFF-BB2F-245AA9ED355E}.Ad-Hoc|ARM.ActiveCfg = Ad-Hoc|iPhone
		{1C0353F6-AD85-4DFF-BB2F-245AA9ED355E}.Ad-Hoc|iPhone.ActiveCfg = Ad-Hoc|iPhone
		{1C0353F6-AD85-4DFF-BB2F-245AA9ED355E}.Ad-Hoc|iPhone.Build.0 = Ad-Hoc|iPhone
		{1C0353F6-AD85-4DFF-BB2F-245AA9ED355E}.Ad-Hoc|iPhoneSimulator.ActiveCfg = Ad-Hoc|iPhoneSimulator
		{1C0353F6-AD85-4DFF-BB2F-245AA9ED355E}.Ad-Hoc|iPhoneSimulator.Build.0 = Ad-Hoc|iPhoneSimulator
		{1C0353F6-AD85-4DFF-BB2F-245AA9ED355E}.Ad-Hoc|x64.ActiveCfg = Ad-Hoc|iPhone
		{1C0353F6-AD85-4DFF-BB2F-245AA9ED355E}.Ad-Hoc|x86.ActiveCfg = Ad-Hoc|iPhone
		{1C0353F6-AD85-4DFF-BB2F-245AA9ED355E}.AppStore|Any CPU.ActiveCfg = AppStore|iPhone
		{1C0353F6-AD85-4DFF-BB2F-245AA9ED355E}.AppStore|ARM.ActiveCfg = AppStore|iPhone
		{1C0353F6-AD85-4DFF-BB2F-245AA9ED355E}.AppStore|iPhone.ActiveCfg = AppStore|iPhone
		{1C0353F6-AD85-4DFF-BB2F-245AA9ED355E}.AppStore|iPhone.Build.0 = AppStore|iPhone
		{1C0353F6-AD85-4DFF-BB2F-245AA9ED355E}.AppStore|iPhoneSimulator.ActiveCfg = AppStore|iPhoneSimulator
		{1C0353F6-AD85-4DFF-BB2F-245AA9ED355E}.AppStore|iPhoneSimulator.Build.0 = AppStore|iPhoneSimulator
		{1C0353F6-AD85-4DFF-BB2F-245AA9ED355E}.AppStore|x64.ActiveCfg = AppStore|iPhone
		{1C0353F6-AD85-4DFF-BB2F-245AA9ED355E}.AppStore|x86.ActiveCfg = AppStore|iPhone
		{1C0353F6-AD85-4DFF-BB2F-245AA9ED355E}.Debug|Any CPU.ActiveCfg = Debug|iPhone
		{1C0353F6-AD85-4DFF-BB2F-245AA9ED355E}.Debug|ARM.ActiveCfg = Debug|iPhone
		{1C0353F6-AD85-4DFF-BB2F-245AA9ED355E}.Debug|iPhone.ActiveCfg = Debug|iPhone
		{1C0353F6-AD85-4DFF-BB2F-245AA9ED355E}.Debug|iPhone.Build.0 = Debug|iPhone
		{1C0353F6-AD85-4DFF-BB2F-245AA9ED355E}.Debug|iPhoneSimulator.ActiveCfg = Debug|iPhoneSimulator
		{1C0353F6-AD85-4DFF-BB2F-245AA9ED355E}.Debug|iPhoneSimulator.Build.0 = Debug|iPhoneSimulator
		{1C0353F6-AD85-4DFF-BB2F-245AA9ED355E}.Debug|x64.ActiveCfg = Debug|iPhone
		{1C0353F6-AD85-4DFF-BB2F-245AA9ED355E}.Debug|x86.ActiveCfg = Debug|iPhone
		{1C0353F6-AD85-4DFF-BB2F-245AA9ED355E}.Release|Any CPU.ActiveCfg = Release|iPhone
		{1C0353F6-AD85-4DFF-BB2F-245AA9ED355E}.Release|ARM.ActiveCfg = Release|iPhone
		{1C0353F6-AD85-4DFF-BB2F-245AA9ED355E}.Release|iPhone.ActiveCfg = Release|iPhone
		{1C0353F6-AD85-4DFF-BB2F-245AA9ED355E}.Release|iPhone.Build.0 = Release|iPhone
		{1C0353F6-AD85-4DFF-BB2F-245AA9ED355E}.Release|iPhoneSimulator.ActiveCfg = Release|iPhoneSimulator
		{1C0353F6-AD85-4DFF-BB2F-245AA9ED355E}.Release|iPhoneSimulator.Build.0 = Release|iPhoneSimulator
		{1C0353F6-AD85-4DFF-BB2F-245AA9ED355E}.Release|x64.ActiveCfg = Release|iPhone
		{1C0353F6-AD85-4DFF-BB2F-245AA9ED355E}.Release|x86.ActiveCfg = Release|iPhone
		{3F2C618B-0897-4B14-936F-4E64E3F60E1B}.Ad-Hoc|Any CPU.ActiveCfg = Debug|Any CPU
		{3F2C618B-0897-4B14-936F-4E64E3F60E1B}.Ad-Hoc|Any CPU.Build.0 = Debug|Any CPU
		{3F2C618B-0897-4B14-936F-4E64E3F60E1B}.Ad-Hoc|ARM.ActiveCfg = Debug|Any CPU
		{3F2C618B-0897-4B14-936F-4E64E3F60E1B}.Ad-Hoc|ARM.Build.0 = Debug|Any CPU
		{3F2C618B-0897-4B14-936F-4E64E3F60E1B}.Ad-Hoc|iPhone.ActiveCfg = Debug|Any CPU
		{3F2C618B-0897-4B14-936F-4E64E3F60E1B}.Ad-Hoc|iPhone.Build.0 = Debug|Any CPU
		{3F2C618B-0897-4B14-936F-4E64E3F60E1B}.Ad-Hoc|iPhoneSimulator.ActiveCfg = Debug|Any CPU
		{3F2C618B-0897-4B14-936F-4E64E3F60E1B}.Ad-Hoc|iPhoneSimulator.Build.0 = Debug|Any CPU
		{3F2C618B-0897-4B14-936F-4E64E3F60E1B}.Ad-Hoc|x64.ActiveCfg = Debug|Any CPU
		{3F2C618B-0897-4B14-936F-4E64E3F60E1B}.Ad-Hoc|x64.Build.0 = Debug|Any CPU
		{3F2C618B-0897-4B14-936F-4E64E3F60E1B}.Ad-Hoc|x86.ActiveCfg = Debug|Any CPU
		{3F2C618B-0897-4B14-936F-4E64E3F60E1B}.Ad-Hoc|x86.Build.0 = Debug|Any CPU
		{3F2C618B-0897-4B14-936F-4E64E3F60E1B}.AppStore|Any CPU.ActiveCfg = Debug|Any CPU
		{3F2C618B-0897-4B14-936F-4E64E3F60E1B}.AppStore|Any CPU.Build.0 = Debug|Any CPU
		{3F2C618B-0897-4B14-936F-4E64E3F60E1B}.AppStore|ARM.ActiveCfg = Debug|Any CPU
		{3F2C618B-0897-4B14-936F-4E64E3F60E1B}.AppStore|ARM.Build.0 = Debug|Any CPU
		{3F2C618B-0897-4B14-936F-4E64E3F60E1B}.AppStore|iPhone.ActiveCfg = Debug|Any CPU
		{3F2C618B-0897-4B14-936F-4E64E3F60E1B}.AppStore|iPhone.Build.0 = Debug|Any CPU
		{3F2C618B-0897-4B14-936F-4E64E3F60E1B}.AppStore|iPhoneSimulator.ActiveCfg = Debug|Any CPU
		{3F2C618B-0897-4B14-936F-4E64E3F60E1B}.AppStore|iPhoneSimulator.Build.0 = Debug|Any CPU
		{3F2C618B-0897-4B14-936F-4E64E3F60E1B}.AppStore|x64.ActiveCfg = Debug|Any CPU
		{3F2C618B-0897-4B14-936F-4E64E3F60E1B}.AppStore|x64.Build.0 = Debug|Any CPU
		{3F2C618B-0897-4B14-936F-4E64E3F60E1B}.AppStore|x86.ActiveCfg = Debug|Any CPU
		{3F2C618B-0897-4B14-936F-4E64E3F60E1B}.AppStore|x86.Build.0 = Debug|Any CPU
		{3F2C618B-0897-4B14-936F-4E64E3F60E1B}.Debug|Any CPU.ActiveCfg = Debug|Any CPU
		{3F2C618B-0897-4B14-936F-4E64E3F60E1B}.Debug|Any CPU.Build.0 = Debug|Any CPU
		{3F2C618B-0897-4B14-936F-4E64E3F60E1B}.Debug|ARM.ActiveCfg = Debug|Any CPU
		{3F2C618B-0897-4B14-936F-4E64E3F60E1B}.Debug|ARM.Build.0 = Debug|Any CPU
		{3F2C618B-0897-4B14-936F-4E64E3F60E1B}.Debug|iPhone.ActiveCfg = Debug|Any CPU
		{3F2C618B-0897-4B14-936F-4E64E3F60E1B}.Debug|iPhone.Build.0 = Debug|Any CPU
		{3F2C618B-0897-4B14-936F-4E64E3F60E1B}.Debug|iPhoneSimulator.ActiveCfg = Debug|Any CPU
		{3F2C618B-0897-4B14-936F-4E64E3F60E1B}.Debug|iPhoneSimulator.Build.0 = Debug|Any CPU
		{3F2C618B-0897-4B14-936F-4E64E3F60E1B}.Debug|x64.ActiveCfg = Debug|Any CPU
		{3F2C618B-0897-4B14-936F-4E64E3F60E1B}.Debug|x64.Build.0 = Debug|Any CPU
		{3F2C618B-0897-4B14-936F-4E64E3F60E1B}.Debug|x86.ActiveCfg = Debug|Any CPU
		{3F2C618B-0897-4B14-936F-4E64E3F60E1B}.Debug|x86.Build.0 = Debug|Any CPU
		{3F2C618B-0897-4B14-936F-4E64E3F60E1B}.Release|Any CPU.ActiveCfg = Release|Any CPU
		{3F2C618B-0897-4B14-936F-4E64E3F60E1B}.Release|Any CPU.Build.0 = Release|Any CPU
		{3F2C618B-0897-4B14-936F-4E64E3F60E1B}.Release|ARM.ActiveCfg = Release|Any CPU
		{3F2C618B-0897-4B14-936F-4E64E3F60E1B}.Release|ARM.Build.0 = Release|Any CPU
		{3F2C618B-0897-4B14-936F-4E64E3F60E1B}.Release|iPhone.ActiveCfg = Release|Any CPU
		{3F2C618B-0897-4B14-936F-4E64E3F60E1B}.Release|iPhone.Build.0 = Release|Any CPU
		{3F2C618B-0897-4B14-936F-4E64E3F60E1B}.Release|iPhoneSimulator.ActiveCfg = Release|Any CPU
		{3F2C618B-0897-4B14-936F-4E64E3F60E1B}.Release|iPhoneSimulator.Build.0 = Release|Any CPU
		{3F2C618B-0897-4B14-936F-4E64E3F60E1B}.Release|x64.ActiveCfg = Release|Any CPU
		{3F2C618B-0897-4B14-936F-4E64E3F60E1B}.Release|x64.Build.0 = Release|Any CPU
		{3F2C618B-0897-4B14-936F-4E64E3F60E1B}.Release|x86.ActiveCfg = Release|Any CPU
		{3F2C618B-0897-4B14-936F-4E64E3F60E1B}.Release|x86.Build.0 = Release|Any CPU
		{0367DD23-D6F9-4052-A353-C3A68F88E85E}.Ad-Hoc|Any CPU.ActiveCfg = Debug|Any CPU
		{0367DD23-D6F9-4052-A353-C3A68F88E85E}.Ad-Hoc|Any CPU.Build.0 = Debug|Any CPU
		{0367DD23-D6F9-4052-A353-C3A68F88E85E}.Ad-Hoc|ARM.ActiveCfg = Debug|Any CPU
		{0367DD23-D6F9-4052-A353-C3A68F88E85E}.Ad-Hoc|ARM.Build.0 = Debug|Any CPU
		{0367DD23-D6F9-4052-A353-C3A68F88E85E}.Ad-Hoc|iPhone.ActiveCfg = Debug|Any CPU
		{0367DD23-D6F9-4052-A353-C3A68F88E85E}.Ad-Hoc|iPhone.Build.0 = Debug|Any CPU
		{0367DD23-D6F9-4052-A353-C3A68F88E85E}.Ad-Hoc|iPhoneSimulator.ActiveCfg = Debug|Any CPU
		{0367DD23-D6F9-4052-A353-C3A68F88E85E}.Ad-Hoc|iPhoneSimulator.Build.0 = Debug|Any CPU
		{0367DD23-D6F9-4052-A353-C3A68F88E85E}.Ad-Hoc|x64.ActiveCfg = Debug|Any CPU
		{0367DD23-D6F9-4052-A353-C3A68F88E85E}.Ad-Hoc|x64.Build.0 = Debug|Any CPU
		{0367DD23-D6F9-4052-A353-C3A68F88E85E}.Ad-Hoc|x86.ActiveCfg = Debug|Any CPU
		{0367DD23-D6F9-4052-A353-C3A68F88E85E}.Ad-Hoc|x86.Build.0 = Debug|Any CPU
		{0367DD23-D6F9-4052-A353-C3A68F88E85E}.AppStore|Any CPU.ActiveCfg = Debug|Any CPU
		{0367DD23-D6F9-4052-A353-C3A68F88E85E}.AppStore|Any CPU.Build.0 = Debug|Any CPU
		{0367DD23-D6F9-4052-A353-C3A68F88E85E}.AppStore|ARM.ActiveCfg = Debug|Any CPU
		{0367DD23-D6F9-4052-A353-C3A68F88E85E}.AppStore|ARM.Build.0 = Debug|Any CPU
		{0367DD23-D6F9-4052-A353-C3A68F88E85E}.AppStore|iPhone.ActiveCfg = Debug|Any CPU
		{0367DD23-D6F9-4052-A353-C3A68F88E85E}.AppStore|iPhone.Build.0 = Debug|Any CPU
		{0367DD23-D6F9-4052-A353-C3A68F88E85E}.AppStore|iPhoneSimulator.ActiveCfg = Debug|Any CPU
		{0367DD23-D6F9-4052-A353-C3A68F88E85E}.AppStore|iPhoneSimulator.Build.0 = Debug|Any CPU
		{0367DD23-D6F9-4052-A353-C3A68F88E85E}.AppStore|x64.ActiveCfg = Debug|Any CPU
		{0367DD23-D6F9-4052-A353-C3A68F88E85E}.AppStore|x64.Build.0 = Debug|Any CPU
		{0367DD23-D6F9-4052-A353-C3A68F88E85E}.AppStore|x86.ActiveCfg = Debug|Any CPU
		{0367DD23-D6F9-4052-A353-C3A68F88E85E}.AppStore|x86.Build.0 = Debug|Any CPU
		{0367DD23-D6F9-4052-A353-C3A68F88E85E}.Debug|Any CPU.ActiveCfg = Debug|Any CPU
		{0367DD23-D6F9-4052-A353-C3A68F88E85E}.Debug|Any CPU.Build.0 = Debug|Any CPU
		{0367DD23-D6F9-4052-A353-C3A68F88E85E}.Debug|ARM.ActiveCfg = Debug|Any CPU
		{0367DD23-D6F9-4052-A353-C3A68F88E85E}.Debug|ARM.Build.0 = Debug|Any CPU
		{0367DD23-D6F9-4052-A353-C3A68F88E85E}.Debug|iPhone.ActiveCfg = Debug|Any CPU
		{0367DD23-D6F9-4052-A353-C3A68F88E85E}.Debug|iPhone.Build.0 = Debug|Any CPU
		{0367DD23-D6F9-4052-A353-C3A68F88E85E}.Debug|iPhoneSimulator.ActiveCfg = Debug|Any CPU
		{0367DD23-D6F9-4052-A353-C3A68F88E85E}.Debug|iPhoneSimulator.Build.0 = Debug|Any CPU
		{0367DD23-D6F9-4052-A353-C3A68F88E85E}.Debug|x64.ActiveCfg = Debug|Any CPU
		{0367DD23-D6F9-4052-A353-C3A68F88E85E}.Debug|x64.Build.0 = Debug|Any CPU
		{0367DD23-D6F9-4052-A353-C3A68F88E85E}.Debug|x86.ActiveCfg = Debug|Any CPU
		{0367DD23-D6F9-4052-A353-C3A68F88E85E}.Debug|x86.Build.0 = Debug|Any CPU
		{0367DD23-D6F9-4052-A353-C3A68F88E85E}.Release|Any CPU.ActiveCfg = Release|Any CPU
		{0367DD23-D6F9-4052-A353-C3A68F88E85E}.Release|Any CPU.Build.0 = Release|Any CPU
		{0367DD23-D6F9-4052-A353-C3A68F88E85E}.Release|ARM.ActiveCfg = Release|Any CPU
		{0367DD23-D6F9-4052-A353-C3A68F88E85E}.Release|ARM.Build.0 = Release|Any CPU
		{0367DD23-D6F9-4052-A353-C3A68F88E85E}.Release|iPhone.ActiveCfg = Release|Any CPU
		{0367DD23-D6F9-4052-A353-C3A68F88E85E}.Release|iPhone.Build.0 = Release|Any CPU
		{0367DD23-D6F9-4052-A353-C3A68F88E85E}.Release|iPhoneSimulator.ActiveCfg = Release|Any CPU
		{0367DD23-D6F9-4052-A353-C3A68F88E85E}.Release|iPhoneSimulator.Build.0 = Release|Any CPU
		{0367DD23-D6F9-4052-A353-C3A68F88E85E}.Release|x64.ActiveCfg = Release|Any CPU
		{0367DD23-D6F9-4052-A353-C3A68F88E85E}.Release|x64.Build.0 = Release|Any CPU
		{0367DD23-D6F9-4052-A353-C3A68F88E85E}.Release|x86.ActiveCfg = Release|Any CPU
		{0367DD23-D6F9-4052-A353-C3A68F88E85E}.Release|x86.Build.0 = Release|Any CPU
		{BE8A189D-3947-4395-AF8D-D8685AB84FF2}.Ad-Hoc|Any CPU.ActiveCfg = Release|Any CPU
		{BE8A189D-3947-4395-AF8D-D8685AB84FF2}.Ad-Hoc|Any CPU.Build.0 = Release|Any CPU
		{BE8A189D-3947-4395-AF8D-D8685AB84FF2}.Ad-Hoc|Any CPU.Deploy.0 = Release|Any CPU
		{BE8A189D-3947-4395-AF8D-D8685AB84FF2}.Ad-Hoc|ARM.ActiveCfg = Release|Any CPU
		{BE8A189D-3947-4395-AF8D-D8685AB84FF2}.Ad-Hoc|ARM.Build.0 = Release|Any CPU
		{BE8A189D-3947-4395-AF8D-D8685AB84FF2}.Ad-Hoc|ARM.Deploy.0 = Release|Any CPU
		{BE8A189D-3947-4395-AF8D-D8685AB84FF2}.Ad-Hoc|iPhone.ActiveCfg = Release|Any CPU
		{BE8A189D-3947-4395-AF8D-D8685AB84FF2}.Ad-Hoc|iPhone.Build.0 = Release|Any CPU
		{BE8A189D-3947-4395-AF8D-D8685AB84FF2}.Ad-Hoc|iPhone.Deploy.0 = Release|Any CPU
		{BE8A189D-3947-4395-AF8D-D8685AB84FF2}.Ad-Hoc|iPhoneSimulator.ActiveCfg = Release|Any CPU
		{BE8A189D-3947-4395-AF8D-D8685AB84FF2}.Ad-Hoc|iPhoneSimulator.Build.0 = Release|Any CPU
		{BE8A189D-3947-4395-AF8D-D8685AB84FF2}.Ad-Hoc|iPhoneSimulator.Deploy.0 = Release|Any CPU
		{BE8A189D-3947-4395-AF8D-D8685AB84FF2}.Ad-Hoc|x64.ActiveCfg = Release|Any CPU
		{BE8A189D-3947-4395-AF8D-D8685AB84FF2}.Ad-Hoc|x64.Build.0 = Release|Any CPU
		{BE8A189D-3947-4395-AF8D-D8685AB84FF2}.Ad-Hoc|x64.Deploy.0 = Release|Any CPU
		{BE8A189D-3947-4395-AF8D-D8685AB84FF2}.Ad-Hoc|x86.ActiveCfg = Release|Any CPU
		{BE8A189D-3947-4395-AF8D-D8685AB84FF2}.Ad-Hoc|x86.Build.0 = Release|Any CPU
		{BE8A189D-3947-4395-AF8D-D8685AB84FF2}.Ad-Hoc|x86.Deploy.0 = Release|Any CPU
		{BE8A189D-3947-4395-AF8D-D8685AB84FF2}.AppStore|Any CPU.ActiveCfg = Release|Any CPU
		{BE8A189D-3947-4395-AF8D-D8685AB84FF2}.AppStore|Any CPU.Build.0 = Release|Any CPU
		{BE8A189D-3947-4395-AF8D-D8685AB84FF2}.AppStore|Any CPU.Deploy.0 = Release|Any CPU
		{BE8A189D-3947-4395-AF8D-D8685AB84FF2}.AppStore|ARM.ActiveCfg = Release|Any CPU
		{BE8A189D-3947-4395-AF8D-D8685AB84FF2}.AppStore|ARM.Build.0 = Release|Any CPU
		{BE8A189D-3947-4395-AF8D-D8685AB84FF2}.AppStore|ARM.Deploy.0 = Release|Any CPU
		{BE8A189D-3947-4395-AF8D-D8685AB84FF2}.AppStore|iPhone.ActiveCfg = Release|Any CPU
		{BE8A189D-3947-4395-AF8D-D8685AB84FF2}.AppStore|iPhone.Build.0 = Release|Any CPU
		{BE8A189D-3947-4395-AF8D-D8685AB84FF2}.AppStore|iPhone.Deploy.0 = Release|Any CPU
		{BE8A189D-3947-4395-AF8D-D8685AB84FF2}.AppStore|iPhoneSimulator.ActiveCfg = Release|Any CPU
		{BE8A189D-3947-4395-AF8D-D8685AB84FF2}.AppStore|iPhoneSimulator.Build.0 = Release|Any CPU
		{BE8A189D-3947-4395-AF8D-D8685AB84FF2}.AppStore|iPhoneSimulator.Deploy.0 = Release|Any CPU
		{BE8A189D-3947-4395-AF8D-D8685AB84FF2}.AppStore|x64.ActiveCfg = Release|Any CPU
		{BE8A189D-3947-4395-AF8D-D8685AB84FF2}.AppStore|x64.Build.0 = Release|Any CPU
		{BE8A189D-3947-4395-AF8D-D8685AB84FF2}.AppStore|x64.Deploy.0 = Release|Any CPU
		{BE8A189D-3947-4395-AF8D-D8685AB84FF2}.AppStore|x86.ActiveCfg = Release|Any CPU
		{BE8A189D-3947-4395-AF8D-D8685AB84FF2}.AppStore|x86.Build.0 = Release|Any CPU
		{BE8A189D-3947-4395-AF8D-D8685AB84FF2}.AppStore|x86.Deploy.0 = Release|Any CPU
		{BE8A189D-3947-4395-AF8D-D8685AB84FF2}.Debug|Any CPU.ActiveCfg = Debug|Any CPU
		{BE8A189D-3947-4395-AF8D-D8685AB84FF2}.Debug|Any CPU.Build.0 = Debug|Any CPU
		{BE8A189D-3947-4395-AF8D-D8685AB84FF2}.Debug|Any CPU.Deploy.0 = Debug|Any CPU
		{BE8A189D-3947-4395-AF8D-D8685AB84FF2}.Debug|ARM.ActiveCfg = Debug|Any CPU
		{BE8A189D-3947-4395-AF8D-D8685AB84FF2}.Debug|ARM.Build.0 = Debug|Any CPU
		{BE8A189D-3947-4395-AF8D-D8685AB84FF2}.Debug|ARM.Deploy.0 = Debug|Any CPU
		{BE8A189D-3947-4395-AF8D-D8685AB84FF2}.Debug|iPhone.ActiveCfg = Debug|Any CPU
		{BE8A189D-3947-4395-AF8D-D8685AB84FF2}.Debug|iPhone.Build.0 = Debug|Any CPU
		{BE8A189D-3947-4395-AF8D-D8685AB84FF2}.Debug|iPhone.Deploy.0 = Debug|Any CPU
		{BE8A189D-3947-4395-AF8D-D8685AB84FF2}.Debug|iPhoneSimulator.ActiveCfg = Debug|Any CPU
		{BE8A189D-3947-4395-AF8D-D8685AB84FF2}.Debug|iPhoneSimulator.Build.0 = Debug|Any CPU
		{BE8A189D-3947-4395-AF8D-D8685AB84FF2}.Debug|iPhoneSimulator.Deploy.0 = Debug|Any CPU
		{BE8A189D-3947-4395-AF8D-D8685AB84FF2}.Debug|x64.ActiveCfg = Debug|Any CPU
		{BE8A189D-3947-4395-AF8D-D8685AB84FF2}.Debug|x64.Build.0 = Debug|Any CPU
		{BE8A189D-3947-4395-AF8D-D8685AB84FF2}.Debug|x64.Deploy.0 = Debug|Any CPU
		{BE8A189D-3947-4395-AF8D-D8685AB84FF2}.Debug|x86.ActiveCfg = Debug|Any CPU
		{BE8A189D-3947-4395-AF8D-D8685AB84FF2}.Debug|x86.Build.0 = Debug|Any CPU
		{BE8A189D-3947-4395-AF8D-D8685AB84FF2}.Debug|x86.Deploy.0 = Debug|Any CPU
		{BE8A189D-3947-4395-AF8D-D8685AB84FF2}.Release|Any CPU.ActiveCfg = Release|Any CPU
		{BE8A189D-3947-4395-AF8D-D8685AB84FF2}.Release|Any CPU.Build.0 = Release|Any CPU
		{BE8A189D-3947-4395-AF8D-D8685AB84FF2}.Release|Any CPU.Deploy.0 = Release|Any CPU
		{BE8A189D-3947-4395-AF8D-D8685AB84FF2}.Release|ARM.ActiveCfg = Release|Any CPU
		{BE8A189D-3947-4395-AF8D-D8685AB84FF2}.Release|ARM.Build.0 = Release|Any CPU
		{BE8A189D-3947-4395-AF8D-D8685AB84FF2}.Release|ARM.Deploy.0 = Release|Any CPU
		{BE8A189D-3947-4395-AF8D-D8685AB84FF2}.Release|iPhone.ActiveCfg = Release|Any CPU
		{BE8A189D-3947-4395-AF8D-D8685AB84FF2}.Release|iPhone.Build.0 = Release|Any CPU
		{BE8A189D-3947-4395-AF8D-D8685AB84FF2}.Release|iPhone.Deploy.0 = Release|Any CPU
		{BE8A189D-3947-4395-AF8D-D8685AB84FF2}.Release|iPhoneSimulator.ActiveCfg = Release|Any CPU
		{BE8A189D-3947-4395-AF8D-D8685AB84FF2}.Release|iPhoneSimulator.Build.0 = Release|Any CPU
		{BE8A189D-3947-4395-AF8D-D8685AB84FF2}.Release|iPhoneSimulator.Deploy.0 = Release|Any CPU
		{BE8A189D-3947-4395-AF8D-D8685AB84FF2}.Release|x64.ActiveCfg = Release|Any CPU
		{BE8A189D-3947-4395-AF8D-D8685AB84FF2}.Release|x64.Build.0 = Release|Any CPU
		{BE8A189D-3947-4395-AF8D-D8685AB84FF2}.Release|x64.Deploy.0 = Release|Any CPU
		{BE8A189D-3947-4395-AF8D-D8685AB84FF2}.Release|x86.ActiveCfg = Release|Any CPU
		{BE8A189D-3947-4395-AF8D-D8685AB84FF2}.Release|x86.Build.0 = Release|Any CPU
		{BE8A189D-3947-4395-AF8D-D8685AB84FF2}.Release|x86.Deploy.0 = Release|Any CPU
		{0912853B-7711-44A4-8913-A040FCB93AA1}.Ad-Hoc|Any CPU.ActiveCfg = Ad-Hoc|iPhone
		{0912853B-7711-44A4-8913-A040FCB93AA1}.Ad-Hoc|ARM.ActiveCfg = Ad-Hoc|iPhone
		{0912853B-7711-44A4-8913-A040FCB93AA1}.Ad-Hoc|iPhone.ActiveCfg = Ad-Hoc|iPhone
		{0912853B-7711-44A4-8913-A040FCB93AA1}.Ad-Hoc|iPhone.Build.0 = Ad-Hoc|iPhone
		{0912853B-7711-44A4-8913-A040FCB93AA1}.Ad-Hoc|iPhoneSimulator.ActiveCfg = Ad-Hoc|iPhoneSimulator
		{0912853B-7711-44A4-8913-A040FCB93AA1}.Ad-Hoc|iPhoneSimulator.Build.0 = Ad-Hoc|iPhoneSimulator
		{0912853B-7711-44A4-8913-A040FCB93AA1}.Ad-Hoc|x64.ActiveCfg = Ad-Hoc|iPhone
		{0912853B-7711-44A4-8913-A040FCB93AA1}.Ad-Hoc|x86.ActiveCfg = Ad-Hoc|iPhone
		{0912853B-7711-44A4-8913-A040FCB93AA1}.AppStore|Any CPU.ActiveCfg = AppStore|iPhone
		{0912853B-7711-44A4-8913-A040FCB93AA1}.AppStore|ARM.ActiveCfg = AppStore|iPhone
		{0912853B-7711-44A4-8913-A040FCB93AA1}.AppStore|iPhone.ActiveCfg = AppStore|iPhone
		{0912853B-7711-44A4-8913-A040FCB93AA1}.AppStore|iPhone.Build.0 = AppStore|iPhone
		{0912853B-7711-44A4-8913-A040FCB93AA1}.AppStore|iPhoneSimulator.ActiveCfg = AppStore|iPhoneSimulator
		{0912853B-7711-44A4-8913-A040FCB93AA1}.AppStore|iPhoneSimulator.Build.0 = AppStore|iPhoneSimulator
		{0912853B-7711-44A4-8913-A040FCB93AA1}.AppStore|x64.ActiveCfg = AppStore|iPhone
		{0912853B-7711-44A4-8913-A040FCB93AA1}.AppStore|x86.ActiveCfg = AppStore|iPhone
		{0912853B-7711-44A4-8913-A040FCB93AA1}.Debug|Any CPU.ActiveCfg = Debug|iPhone
		{0912853B-7711-44A4-8913-A040FCB93AA1}.Debug|ARM.ActiveCfg = Debug|iPhone
		{0912853B-7711-44A4-8913-A040FCB93AA1}.Debug|iPhone.ActiveCfg = Debug|iPhone
		{0912853B-7711-44A4-8913-A040FCB93AA1}.Debug|iPhone.Build.0 = Debug|iPhone
		{0912853B-7711-44A4-8913-A040FCB93AA1}.Debug|iPhoneSimulator.ActiveCfg = Debug|iPhoneSimulator
		{0912853B-7711-44A4-8913-A040FCB93AA1}.Debug|iPhoneSimulator.Build.0 = Debug|iPhoneSimulator
		{0912853B-7711-44A4-8913-A040FCB93AA1}.Debug|x64.ActiveCfg = Debug|iPhone
		{0912853B-7711-44A4-8913-A040FCB93AA1}.Debug|x86.ActiveCfg = Debug|iPhone
		{0912853B-7711-44A4-8913-A040FCB93AA1}.Release|Any CPU.ActiveCfg = Release|iPhone
		{0912853B-7711-44A4-8913-A040FCB93AA1}.Release|ARM.ActiveCfg = Release|iPhone
		{0912853B-7711-44A4-8913-A040FCB93AA1}.Release|iPhone.ActiveCfg = Release|iPhone
		{0912853B-7711-44A4-8913-A040FCB93AA1}.Release|iPhone.Build.0 = Release|iPhone
		{0912853B-7711-44A4-8913-A040FCB93AA1}.Release|iPhoneSimulator.ActiveCfg = Release|iPhoneSimulator
		{0912853B-7711-44A4-8913-A040FCB93AA1}.Release|iPhoneSimulator.Build.0 = Release|iPhoneSimulator
		{0912853B-7711-44A4-8913-A040FCB93AA1}.Release|x64.ActiveCfg = Release|iPhone
		{0912853B-7711-44A4-8913-A040FCB93AA1}.Release|x86.ActiveCfg = Release|iPhone
		{7286F725-9843-4557-BA5A-5B202E00489B}.Ad-Hoc|Any CPU.ActiveCfg = Release|x86
		{7286F725-9843-4557-BA5A-5B202E00489B}.Ad-Hoc|Any CPU.Build.0 = Release|x86
		{7286F725-9843-4557-BA5A-5B202E00489B}.Ad-Hoc|Any CPU.Deploy.0 = Release|x86
		{7286F725-9843-4557-BA5A-5B202E00489B}.Ad-Hoc|ARM.ActiveCfg = Release|ARM
		{7286F725-9843-4557-BA5A-5B202E00489B}.Ad-Hoc|ARM.Build.0 = Release|ARM
		{7286F725-9843-4557-BA5A-5B202E00489B}.Ad-Hoc|ARM.Deploy.0 = Release|ARM
		{7286F725-9843-4557-BA5A-5B202E00489B}.Ad-Hoc|iPhone.ActiveCfg = Release|x86
		{7286F725-9843-4557-BA5A-5B202E00489B}.Ad-Hoc|iPhone.Build.0 = Release|x86
		{7286F725-9843-4557-BA5A-5B202E00489B}.Ad-Hoc|iPhone.Deploy.0 = Release|x86
		{7286F725-9843-4557-BA5A-5B202E00489B}.Ad-Hoc|iPhoneSimulator.ActiveCfg = Release|x86
		{7286F725-9843-4557-BA5A-5B202E00489B}.Ad-Hoc|iPhoneSimulator.Build.0 = Release|x86
		{7286F725-9843-4557-BA5A-5B202E00489B}.Ad-Hoc|iPhoneSimulator.Deploy.0 = Release|x86
		{7286F725-9843-4557-BA5A-5B202E00489B}.Ad-Hoc|x64.ActiveCfg = Release|x64
		{7286F725-9843-4557-BA5A-5B202E00489B}.Ad-Hoc|x64.Build.0 = Release|x64
		{7286F725-9843-4557-BA5A-5B202E00489B}.Ad-Hoc|x64.Deploy.0 = Release|x64
		{7286F725-9843-4557-BA5A-5B202E00489B}.Ad-Hoc|x86.ActiveCfg = Release|x86
		{7286F725-9843-4557-BA5A-5B202E00489B}.Ad-Hoc|x86.Build.0 = Release|x86
		{7286F725-9843-4557-BA5A-5B202E00489B}.Ad-Hoc|x86.Deploy.0 = Release|x86
		{7286F725-9843-4557-BA5A-5B202E00489B}.AppStore|Any CPU.ActiveCfg = Release|x86
		{7286F725-9843-4557-BA5A-5B202E00489B}.AppStore|Any CPU.Build.0 = Release|x86
		{7286F725-9843-4557-BA5A-5B202E00489B}.AppStore|Any CPU.Deploy.0 = Release|x86
		{7286F725-9843-4557-BA5A-5B202E00489B}.AppStore|ARM.ActiveCfg = Release|ARM
		{7286F725-9843-4557-BA5A-5B202E00489B}.AppStore|ARM.Build.0 = Release|ARM
		{7286F725-9843-4557-BA5A-5B202E00489B}.AppStore|ARM.Deploy.0 = Release|ARM
		{7286F725-9843-4557-BA5A-5B202E00489B}.AppStore|iPhone.ActiveCfg = Release|x86
		{7286F725-9843-4557-BA5A-5B202E00489B}.AppStore|iPhone.Build.0 = Release|x86
		{7286F725-9843-4557-BA5A-5B202E00489B}.AppStore|iPhone.Deploy.0 = Release|x86
		{7286F725-9843-4557-BA5A-5B202E00489B}.AppStore|iPhoneSimulator.ActiveCfg = Release|x86
		{7286F725-9843-4557-BA5A-5B202E00489B}.AppStore|iPhoneSimulator.Build.0 = Release|x86
		{7286F725-9843-4557-BA5A-5B202E00489B}.AppStore|iPhoneSimulator.Deploy.0 = Release|x86
		{7286F725-9843-4557-BA5A-5B202E00489B}.AppStore|x64.ActiveCfg = Release|x64
		{7286F725-9843-4557-BA5A-5B202E00489B}.AppStore|x64.Build.0 = Release|x64
		{7286F725-9843-4557-BA5A-5B202E00489B}.AppStore|x64.Deploy.0 = Release|x64
		{7286F725-9843-4557-BA5A-5B202E00489B}.AppStore|x86.ActiveCfg = Release|x86
		{7286F725-9843-4557-BA5A-5B202E00489B}.AppStore|x86.Build.0 = Release|x86
		{7286F725-9843-4557-BA5A-5B202E00489B}.AppStore|x86.Deploy.0 = Release|x86
		{7286F725-9843-4557-BA5A-5B202E00489B}.Debug|Any CPU.ActiveCfg = Debug|x86
		{7286F725-9843-4557-BA5A-5B202E00489B}.Debug|ARM.ActiveCfg = Debug|ARM
		{7286F725-9843-4557-BA5A-5B202E00489B}.Debug|ARM.Build.0 = Debug|ARM
		{7286F725-9843-4557-BA5A-5B202E00489B}.Debug|ARM.Deploy.0 = Debug|ARM
		{7286F725-9843-4557-BA5A-5B202E00489B}.Debug|iPhone.ActiveCfg = Debug|x86
		{7286F725-9843-4557-BA5A-5B202E00489B}.Debug|iPhoneSimulator.ActiveCfg = Debug|x86
		{7286F725-9843-4557-BA5A-5B202E00489B}.Debug|x64.ActiveCfg = Debug|x64
		{7286F725-9843-4557-BA5A-5B202E00489B}.Debug|x64.Build.0 = Debug|x64
		{7286F725-9843-4557-BA5A-5B202E00489B}.Debug|x64.Deploy.0 = Debug|x64
		{7286F725-9843-4557-BA5A-5B202E00489B}.Debug|x86.ActiveCfg = Debug|x86
		{7286F725-9843-4557-BA5A-5B202E00489B}.Debug|x86.Build.0 = Debug|x86
		{7286F725-9843-4557-BA5A-5B202E00489B}.Debug|x86.Deploy.0 = Debug|x86
		{7286F725-9843-4557-BA5A-5B202E00489B}.Release|Any CPU.ActiveCfg = Release|x86
		{7286F725-9843-4557-BA5A-5B202E00489B}.Release|ARM.ActiveCfg = Release|ARM
		{7286F725-9843-4557-BA5A-5B202E00489B}.Release|ARM.Build.0 = Release|ARM
		{7286F725-9843-4557-BA5A-5B202E00489B}.Release|ARM.Deploy.0 = Release|ARM
		{7286F725-9843-4557-BA5A-5B202E00489B}.Release|iPhone.ActiveCfg = Release|x86
		{7286F725-9843-4557-BA5A-5B202E00489B}.Release|iPhoneSimulator.ActiveCfg = Release|x86
		{7286F725-9843-4557-BA5A-5B202E00489B}.Release|x64.ActiveCfg = Release|x64
		{7286F725-9843-4557-BA5A-5B202E00489B}.Release|x64.Build.0 = Release|x64
		{7286F725-9843-4557-BA5A-5B202E00489B}.Release|x64.Deploy.0 = Release|x64
		{7286F725-9843-4557-BA5A-5B202E00489B}.Release|x86.ActiveCfg = Release|x86
		{7286F725-9843-4557-BA5A-5B202E00489B}.Release|x86.Build.0 = Release|x86
		{7286F725-9843-4557-BA5A-5B202E00489B}.Release|x86.Deploy.0 = Release|x86
		{2211D3B4-3522-415D-9B78-15C2AD30BE32}.Ad-Hoc|Any CPU.ActiveCfg = Debug|Any CPU
		{2211D3B4-3522-415D-9B78-15C2AD30BE32}.Ad-Hoc|Any CPU.Build.0 = Debug|Any CPU
		{2211D3B4-3522-415D-9B78-15C2AD30BE32}.Ad-Hoc|ARM.ActiveCfg = Debug|Any CPU
		{2211D3B4-3522-415D-9B78-15C2AD30BE32}.Ad-Hoc|ARM.Build.0 = Debug|Any CPU
		{2211D3B4-3522-415D-9B78-15C2AD30BE32}.Ad-Hoc|iPhone.ActiveCfg = Debug|Any CPU
		{2211D3B4-3522-415D-9B78-15C2AD30BE32}.Ad-Hoc|iPhone.Build.0 = Debug|Any CPU
		{2211D3B4-3522-415D-9B78-15C2AD30BE32}.Ad-Hoc|iPhoneSimulator.ActiveCfg = Debug|Any CPU
		{2211D3B4-3522-415D-9B78-15C2AD30BE32}.Ad-Hoc|iPhoneSimulator.Build.0 = Debug|Any CPU
		{2211D3B4-3522-415D-9B78-15C2AD30BE32}.Ad-Hoc|x64.ActiveCfg = Debug|Any CPU
		{2211D3B4-3522-415D-9B78-15C2AD30BE32}.Ad-Hoc|x64.Build.0 = Debug|Any CPU
		{2211D3B4-3522-415D-9B78-15C2AD30BE32}.Ad-Hoc|x86.ActiveCfg = Debug|Any CPU
		{2211D3B4-3522-415D-9B78-15C2AD30BE32}.Ad-Hoc|x86.Build.0 = Debug|Any CPU
		{2211D3B4-3522-415D-9B78-15C2AD30BE32}.AppStore|Any CPU.ActiveCfg = Debug|Any CPU
		{2211D3B4-3522-415D-9B78-15C2AD30BE32}.AppStore|Any CPU.Build.0 = Debug|Any CPU
		{2211D3B4-3522-415D-9B78-15C2AD30BE32}.AppStore|ARM.ActiveCfg = Debug|Any CPU
		{2211D3B4-3522-415D-9B78-15C2AD30BE32}.AppStore|ARM.Build.0 = Debug|Any CPU
		{2211D3B4-3522-415D-9B78-15C2AD30BE32}.AppStore|iPhone.ActiveCfg = Debug|Any CPU
		{2211D3B4-3522-415D-9B78-15C2AD30BE32}.AppStore|iPhone.Build.0 = Debug|Any CPU
		{2211D3B4-3522-415D-9B78-15C2AD30BE32}.AppStore|iPhoneSimulator.ActiveCfg = Debug|Any CPU
		{2211D3B4-3522-415D-9B78-15C2AD30BE32}.AppStore|iPhoneSimulator.Build.0 = Debug|Any CPU
		{2211D3B4-3522-415D-9B78-15C2AD30BE32}.AppStore|x64.ActiveCfg = Debug|Any CPU
		{2211D3B4-3522-415D-9B78-15C2AD30BE32}.AppStore|x64.Build.0 = Debug|Any CPU
		{2211D3B4-3522-415D-9B78-15C2AD30BE32}.AppStore|x86.ActiveCfg = Debug|Any CPU
		{2211D3B4-3522-415D-9B78-15C2AD30BE32}.AppStore|x86.Build.0 = Debug|Any CPU
		{2211D3B4-3522-415D-9B78-15C2AD30BE32}.Debug|Any CPU.ActiveCfg = Debug|Any CPU
		{2211D3B4-3522-415D-9B78-15C2AD30BE32}.Debug|Any CPU.Build.0 = Debug|Any CPU
		{2211D3B4-3522-415D-9B78-15C2AD30BE32}.Debug|ARM.ActiveCfg = Debug|Any CPU
		{2211D3B4-3522-415D-9B78-15C2AD30BE32}.Debug|ARM.Build.0 = Debug|Any CPU
		{2211D3B4-3522-415D-9B78-15C2AD30BE32}.Debug|iPhone.ActiveCfg = Debug|Any CPU
		{2211D3B4-3522-415D-9B78-15C2AD30BE32}.Debug|iPhone.Build.0 = Debug|Any CPU
		{2211D3B4-3522-415D-9B78-15C2AD30BE32}.Debug|iPhoneSimulator.ActiveCfg = Debug|Any CPU
		{2211D3B4-3522-415D-9B78-15C2AD30BE32}.Debug|iPhoneSimulator.Build.0 = Debug|Any CPU
		{2211D3B4-3522-415D-9B78-15C2AD30BE32}.Debug|x64.ActiveCfg = Debug|Any CPU
		{2211D3B4-3522-415D-9B78-15C2AD30BE32}.Debug|x64.Build.0 = Debug|Any CPU
		{2211D3B4-3522-415D-9B78-15C2AD30BE32}.Debug|x86.ActiveCfg = Debug|Any CPU
		{2211D3B4-3522-415D-9B78-15C2AD30BE32}.Debug|x86.Build.0 = Debug|Any CPU
		{2211D3B4-3522-415D-9B78-15C2AD30BE32}.Release|Any CPU.ActiveCfg = Release|Any CPU
		{2211D3B4-3522-415D-9B78-15C2AD30BE32}.Release|Any CPU.Build.0 = Release|Any CPU
		{2211D3B4-3522-415D-9B78-15C2AD30BE32}.Release|ARM.ActiveCfg = Release|Any CPU
		{2211D3B4-3522-415D-9B78-15C2AD30BE32}.Release|ARM.Build.0 = Release|Any CPU
		{2211D3B4-3522-415D-9B78-15C2AD30BE32}.Release|iPhone.ActiveCfg = Release|Any CPU
		{2211D3B4-3522-415D-9B78-15C2AD30BE32}.Release|iPhone.Build.0 = Release|Any CPU
		{2211D3B4-3522-415D-9B78-15C2AD30BE32}.Release|iPhoneSimulator.ActiveCfg = Release|Any CPU
		{2211D3B4-3522-415D-9B78-15C2AD30BE32}.Release|iPhoneSimulator.Build.0 = Release|Any CPU
		{2211D3B4-3522-415D-9B78-15C2AD30BE32}.Release|x64.ActiveCfg = Release|Any CPU
		{2211D3B4-3522-415D-9B78-15C2AD30BE32}.Release|x64.Build.0 = Release|Any CPU
		{2211D3B4-3522-415D-9B78-15C2AD30BE32}.Release|x86.ActiveCfg = Release|Any CPU
		{2211D3B4-3522-415D-9B78-15C2AD30BE32}.Release|x86.Build.0 = Release|Any CPU
		{8231D850-4341-4EE5-8189-2FFE94C3B817}.Ad-Hoc|Any CPU.ActiveCfg = Release|Any CPU
		{8231D850-4341-4EE5-8189-2FFE94C3B817}.Ad-Hoc|Any CPU.Build.0 = Release|Any CPU
		{8231D850-4341-4EE5-8189-2FFE94C3B817}.Ad-Hoc|ARM.ActiveCfg = Release|Any CPU
		{8231D850-4341-4EE5-8189-2FFE94C3B817}.Ad-Hoc|ARM.Build.0 = Release|Any CPU
		{8231D850-4341-4EE5-8189-2FFE94C3B817}.Ad-Hoc|iPhone.ActiveCfg = Release|Any CPU
		{8231D850-4341-4EE5-8189-2FFE94C3B817}.Ad-Hoc|iPhone.Build.0 = Release|Any CPU
		{8231D850-4341-4EE5-8189-2FFE94C3B817}.Ad-Hoc|iPhoneSimulator.ActiveCfg = Release|Any CPU
		{8231D850-4341-4EE5-8189-2FFE94C3B817}.Ad-Hoc|iPhoneSimulator.Build.0 = Release|Any CPU
		{8231D850-4341-4EE5-8189-2FFE94C3B817}.Ad-Hoc|x64.ActiveCfg = Release|Any CPU
		{8231D850-4341-4EE5-8189-2FFE94C3B817}.Ad-Hoc|x64.Build.0 = Release|Any CPU
		{8231D850-4341-4EE5-8189-2FFE94C3B817}.Ad-Hoc|x86.ActiveCfg = Release|Any CPU
		{8231D850-4341-4EE5-8189-2FFE94C3B817}.Ad-Hoc|x86.Build.0 = Release|Any CPU
		{8231D850-4341-4EE5-8189-2FFE94C3B817}.AppStore|Any CPU.ActiveCfg = Release|Any CPU
		{8231D850-4341-4EE5-8189-2FFE94C3B817}.AppStore|Any CPU.Build.0 = Release|Any CPU
		{8231D850-4341-4EE5-8189-2FFE94C3B817}.AppStore|ARM.ActiveCfg = Release|Any CPU
		{8231D850-4341-4EE5-8189-2FFE94C3B817}.AppStore|ARM.Build.0 = Release|Any CPU
		{8231D850-4341-4EE5-8189-2FFE94C3B817}.AppStore|iPhone.ActiveCfg = Release|Any CPU
		{8231D850-4341-4EE5-8189-2FFE94C3B817}.AppStore|iPhone.Build.0 = Release|Any CPU
		{8231D850-4341-4EE5-8189-2FFE94C3B817}.AppStore|iPhoneSimulator.ActiveCfg = Release|Any CPU
		{8231D850-4341-4EE5-8189-2FFE94C3B817}.AppStore|iPhoneSimulator.Build.0 = Release|Any CPU
		{8231D850-4341-4EE5-8189-2FFE94C3B817}.AppStore|x64.ActiveCfg = Release|Any CPU
		{8231D850-4341-4EE5-8189-2FFE94C3B817}.AppStore|x64.Build.0 = Release|Any CPU
		{8231D850-4341-4EE5-8189-2FFE94C3B817}.AppStore|x86.ActiveCfg = Release|Any CPU
		{8231D850-4341-4EE5-8189-2FFE94C3B817}.AppStore|x86.Build.0 = Release|Any CPU
		{8231D850-4341-4EE5-8189-2FFE94C3B817}.Debug|Any CPU.ActiveCfg = Debug|Any CPU
		{8231D850-4341-4EE5-8189-2FFE94C3B817}.Debug|Any CPU.Build.0 = Debug|Any CPU
		{8231D850-4341-4EE5-8189-2FFE94C3B817}.Debug|ARM.ActiveCfg = Debug|Any CPU
		{8231D850-4341-4EE5-8189-2FFE94C3B817}.Debug|ARM.Build.0 = Debug|Any CPU
		{8231D850-4341-4EE5-8189-2FFE94C3B817}.Debug|iPhone.ActiveCfg = Debug|Any CPU
		{8231D850-4341-4EE5-8189-2FFE94C3B817}.Debug|iPhone.Build.0 = Debug|Any CPU
		{8231D850-4341-4EE5-8189-2FFE94C3B817}.Debug|iPhoneSimulator.ActiveCfg = Debug|Any CPU
		{8231D850-4341-4EE5-8189-2FFE94C3B817}.Debug|iPhoneSimulator.Build.0 = Debug|Any CPU
		{8231D850-4341-4EE5-8189-2FFE94C3B817}.Debug|x64.ActiveCfg = Debug|Any CPU
		{8231D850-4341-4EE5-8189-2FFE94C3B817}.Debug|x64.Build.0 = Debug|Any CPU
		{8231D850-4341-4EE5-8189-2FFE94C3B817}.Debug|x86.ActiveCfg = Debug|Any CPU
		{8231D850-4341-4EE5-8189-2FFE94C3B817}.Debug|x86.Build.0 = Debug|Any CPU
		{8231D850-4341-4EE5-8189-2FFE94C3B817}.Release|Any CPU.ActiveCfg = Release|Any CPU
		{8231D850-4341-4EE5-8189-2FFE94C3B817}.Release|Any CPU.Build.0 = Release|Any CPU
		{8231D850-4341-4EE5-8189-2FFE94C3B817}.Release|ARM.ActiveCfg = Release|Any CPU
		{8231D850-4341-4EE5-8189-2FFE94C3B817}.Release|ARM.Build.0 = Release|Any CPU
		{8231D850-4341-4EE5-8189-2FFE94C3B817}.Release|iPhone.ActiveCfg = Release|Any CPU
		{8231D850-4341-4EE5-8189-2FFE94C3B817}.Release|iPhone.Build.0 = Release|Any CPU
		{8231D850-4341-4EE5-8189-2FFE94C3B817}.Release|iPhoneSimulator.ActiveCfg = Release|Any CPU
		{8231D850-4341-4EE5-8189-2FFE94C3B817}.Release|iPhoneSimulator.Build.0 = Release|Any CPU
		{8231D850-4341-4EE5-8189-2FFE94C3B817}.Release|x64.ActiveCfg = Release|Any CPU
		{8231D850-4341-4EE5-8189-2FFE94C3B817}.Release|x64.Build.0 = Release|Any CPU
		{8231D850-4341-4EE5-8189-2FFE94C3B817}.Release|x86.ActiveCfg = Release|Any CPU
		{8231D850-4341-4EE5-8189-2FFE94C3B817}.Release|x86.Build.0 = Release|Any CPU
		{1A2066A2-1606-474E-B86F-A31AFE13EF89}.Ad-Hoc|Any CPU.ActiveCfg = Release|Any CPU
		{1A2066A2-1606-474E-B86F-A31AFE13EF89}.Ad-Hoc|Any CPU.Build.0 = Release|Any CPU
		{1A2066A2-1606-474E-B86F-A31AFE13EF89}.Ad-Hoc|ARM.ActiveCfg = Release|Any CPU
		{1A2066A2-1606-474E-B86F-A31AFE13EF89}.Ad-Hoc|ARM.Build.0 = Release|Any CPU
		{1A2066A2-1606-474E-B86F-A31AFE13EF89}.Ad-Hoc|iPhone.ActiveCfg = Release|Any CPU
		{1A2066A2-1606-474E-B86F-A31AFE13EF89}.Ad-Hoc|iPhone.Build.0 = Release|Any CPU
		{1A2066A2-1606-474E-B86F-A31AFE13EF89}.Ad-Hoc|iPhoneSimulator.ActiveCfg = Release|Any CPU
		{1A2066A2-1606-474E-B86F-A31AFE13EF89}.Ad-Hoc|iPhoneSimulator.Build.0 = Release|Any CPU
		{1A2066A2-1606-474E-B86F-A31AFE13EF89}.Ad-Hoc|x64.ActiveCfg = Release|Any CPU
		{1A2066A2-1606-474E-B86F-A31AFE13EF89}.Ad-Hoc|x64.Build.0 = Release|Any CPU
		{1A2066A2-1606-474E-B86F-A31AFE13EF89}.Ad-Hoc|x86.ActiveCfg = Release|Any CPU
		{1A2066A2-1606-474E-B86F-A31AFE13EF89}.Ad-Hoc|x86.Build.0 = Release|Any CPU
		{1A2066A2-1606-474E-B86F-A31AFE13EF89}.AppStore|Any CPU.ActiveCfg = Release|Any CPU
		{1A2066A2-1606-474E-B86F-A31AFE13EF89}.AppStore|Any CPU.Build.0 = Release|Any CPU
		{1A2066A2-1606-474E-B86F-A31AFE13EF89}.AppStore|ARM.ActiveCfg = Release|Any CPU
		{1A2066A2-1606-474E-B86F-A31AFE13EF89}.AppStore|ARM.Build.0 = Release|Any CPU
		{1A2066A2-1606-474E-B86F-A31AFE13EF89}.AppStore|iPhone.ActiveCfg = Release|Any CPU
		{1A2066A2-1606-474E-B86F-A31AFE13EF89}.AppStore|iPhone.Build.0 = Release|Any CPU
		{1A2066A2-1606-474E-B86F-A31AFE13EF89}.AppStore|iPhoneSimulator.ActiveCfg = Release|Any CPU
		{1A2066A2-1606-474E-B86F-A31AFE13EF89}.AppStore|iPhoneSimulator.Build.0 = Release|Any CPU
		{1A2066A2-1606-474E-B86F-A31AFE13EF89}.AppStore|x64.ActiveCfg = Release|Any CPU
		{1A2066A2-1606-474E-B86F-A31AFE13EF89}.AppStore|x64.Build.0 = Release|Any CPU
		{1A2066A2-1606-474E-B86F-A31AFE13EF89}.AppStore|x86.ActiveCfg = Release|Any CPU
		{1A2066A2-1606-474E-B86F-A31AFE13EF89}.AppStore|x86.Build.0 = Release|Any CPU
		{1A2066A2-1606-474E-B86F-A31AFE13EF89}.Debug|Any CPU.ActiveCfg = Debug|Any CPU
		{1A2066A2-1606-474E-B86F-A31AFE13EF89}.Debug|Any CPU.Build.0 = Debug|Any CPU
		{1A2066A2-1606-474E-B86F-A31AFE13EF89}.Debug|ARM.ActiveCfg = Debug|Any CPU
		{1A2066A2-1606-474E-B86F-A31AFE13EF89}.Debug|ARM.Build.0 = Debug|Any CPU
		{1A2066A2-1606-474E-B86F-A31AFE13EF89}.Debug|iPhone.ActiveCfg = Debug|Any CPU
		{1A2066A2-1606-474E-B86F-A31AFE13EF89}.Debug|iPhone.Build.0 = Debug|Any CPU
		{1A2066A2-1606-474E-B86F-A31AFE13EF89}.Debug|iPhoneSimulator.ActiveCfg = Debug|Any CPU
		{1A2066A2-1606-474E-B86F-A31AFE13EF89}.Debug|iPhoneSimulator.Build.0 = Debug|Any CPU
		{1A2066A2-1606-474E-B86F-A31AFE13EF89}.Debug|x64.ActiveCfg = Debug|Any CPU
		{1A2066A2-1606-474E-B86F-A31AFE13EF89}.Debug|x64.Build.0 = Debug|Any CPU
		{1A2066A2-1606-474E-B86F-A31AFE13EF89}.Debug|x86.ActiveCfg = Debug|Any CPU
		{1A2066A2-1606-474E-B86F-A31AFE13EF89}.Debug|x86.Build.0 = Debug|Any CPU
		{1A2066A2-1606-474E-B86F-A31AFE13EF89}.Release|Any CPU.ActiveCfg = Release|Any CPU
		{1A2066A2-1606-474E-B86F-A31AFE13EF89}.Release|Any CPU.Build.0 = Release|Any CPU
		{1A2066A2-1606-474E-B86F-A31AFE13EF89}.Release|ARM.ActiveCfg = Release|Any CPU
		{1A2066A2-1606-474E-B86F-A31AFE13EF89}.Release|ARM.Build.0 = Release|Any CPU
		{1A2066A2-1606-474E-B86F-A31AFE13EF89}.Release|iPhone.ActiveCfg = Release|Any CPU
		{1A2066A2-1606-474E-B86F-A31AFE13EF89}.Release|iPhone.Build.0 = Release|Any CPU
		{1A2066A2-1606-474E-B86F-A31AFE13EF89}.Release|iPhoneSimulator.ActiveCfg = Release|Any CPU
		{1A2066A2-1606-474E-B86F-A31AFE13EF89}.Release|iPhoneSimulator.Build.0 = Release|Any CPU
		{1A2066A2-1606-474E-B86F-A31AFE13EF89}.Release|x64.ActiveCfg = Release|Any CPU
		{1A2066A2-1606-474E-B86F-A31AFE13EF89}.Release|x64.Build.0 = Release|Any CPU
		{1A2066A2-1606-474E-B86F-A31AFE13EF89}.Release|x86.ActiveCfg = Release|Any CPU
		{1A2066A2-1606-474E-B86F-A31AFE13EF89}.Release|x86.Build.0 = Release|Any CPU
		{85C79395-1BB9-44EB-BA59-D64474E5C366}.Ad-Hoc|Any CPU.ActiveCfg = Release|Any CPU
		{85C79395-1BB9-44EB-BA59-D64474E5C366}.Ad-Hoc|Any CPU.Build.0 = Release|Any CPU
		{85C79395-1BB9-44EB-BA59-D64474E5C366}.Ad-Hoc|ARM.ActiveCfg = Release|ARM
		{85C79395-1BB9-44EB-BA59-D64474E5C366}.Ad-Hoc|ARM.Build.0 = Release|ARM
		{85C79395-1BB9-44EB-BA59-D64474E5C366}.Ad-Hoc|iPhone.ActiveCfg = Release|Any CPU
		{85C79395-1BB9-44EB-BA59-D64474E5C366}.Ad-Hoc|iPhone.Build.0 = Release|Any CPU
		{85C79395-1BB9-44EB-BA59-D64474E5C366}.Ad-Hoc|iPhoneSimulator.ActiveCfg = Release|Any CPU
		{85C79395-1BB9-44EB-BA59-D64474E5C366}.Ad-Hoc|iPhoneSimulator.Build.0 = Release|Any CPU
		{85C79395-1BB9-44EB-BA59-D64474E5C366}.Ad-Hoc|x64.ActiveCfg = Release|x64
		{85C79395-1BB9-44EB-BA59-D64474E5C366}.Ad-Hoc|x64.Build.0 = Release|x64
		{85C79395-1BB9-44EB-BA59-D64474E5C366}.Ad-Hoc|x86.ActiveCfg = Release|x86
		{85C79395-1BB9-44EB-BA59-D64474E5C366}.Ad-Hoc|x86.Build.0 = Release|x86
		{85C79395-1BB9-44EB-BA59-D64474E5C366}.AppStore|Any CPU.ActiveCfg = Release|Any CPU
		{85C79395-1BB9-44EB-BA59-D64474E5C366}.AppStore|Any CPU.Build.0 = Release|Any CPU
		{85C79395-1BB9-44EB-BA59-D64474E5C366}.AppStore|ARM.ActiveCfg = Release|ARM
		{85C79395-1BB9-44EB-BA59-D64474E5C366}.AppStore|ARM.Build.0 = Release|ARM
		{85C79395-1BB9-44EB-BA59-D64474E5C366}.AppStore|iPhone.ActiveCfg = Release|Any CPU
		{85C79395-1BB9-44EB-BA59-D64474E5C366}.AppStore|iPhone.Build.0 = Release|Any CPU
		{85C79395-1BB9-44EB-BA59-D64474E5C366}.AppStore|iPhoneSimulator.ActiveCfg = Release|Any CPU
		{85C79395-1BB9-44EB-BA59-D64474E5C366}.AppStore|iPhoneSimulator.Build.0 = Release|Any CPU
		{85C79395-1BB9-44EB-BA59-D64474E5C366}.AppStore|x64.ActiveCfg = Release|x64
		{85C79395-1BB9-44EB-BA59-D64474E5C366}.AppStore|x64.Build.0 = Release|x64
		{85C79395-1BB9-44EB-BA59-D64474E5C366}.AppStore|x86.ActiveCfg = Release|x86
		{85C79395-1BB9-44EB-BA59-D64474E5C366}.AppStore|x86.Build.0 = Release|x86
		{85C79395-1BB9-44EB-BA59-D64474E5C366}.Debug|Any CPU.ActiveCfg = Debug|Any CPU
		{85C79395-1BB9-44EB-BA59-D64474E5C366}.Debug|Any CPU.Build.0 = Debug|Any CPU
		{85C79395-1BB9-44EB-BA59-D64474E5C366}.Debug|ARM.ActiveCfg = Debug|ARM
		{85C79395-1BB9-44EB-BA59-D64474E5C366}.Debug|ARM.Build.0 = Debug|ARM
		{85C79395-1BB9-44EB-BA59-D64474E5C366}.Debug|iPhone.ActiveCfg = Debug|Any CPU
		{85C79395-1BB9-44EB-BA59-D64474E5C366}.Debug|iPhone.Build.0 = Debug|Any CPU
		{85C79395-1BB9-44EB-BA59-D64474E5C366}.Debug|iPhoneSimulator.ActiveCfg = Debug|Any CPU
		{85C79395-1BB9-44EB-BA59-D64474E5C366}.Debug|iPhoneSimulator.Build.0 = Debug|Any CPU
		{85C79395-1BB9-44EB-BA59-D64474E5C366}.Debug|x64.ActiveCfg = Debug|x64
		{85C79395-1BB9-44EB-BA59-D64474E5C366}.Debug|x64.Build.0 = Debug|x64
		{85C79395-1BB9-44EB-BA59-D64474E5C366}.Debug|x86.ActiveCfg = Debug|x86
		{85C79395-1BB9-44EB-BA59-D64474E5C366}.Debug|x86.Build.0 = Debug|x86
		{85C79395-1BB9-44EB-BA59-D64474E5C366}.Release|Any CPU.ActiveCfg = Release|Any CPU
		{85C79395-1BB9-44EB-BA59-D64474E5C366}.Release|Any CPU.Build.0 = Release|Any CPU
		{85C79395-1BB9-44EB-BA59-D64474E5C366}.Release|ARM.ActiveCfg = Release|ARM
		{85C79395-1BB9-44EB-BA59-D64474E5C366}.Release|ARM.Build.0 = Release|ARM
		{85C79395-1BB9-44EB-BA59-D64474E5C366}.Release|iPhone.ActiveCfg = Release|Any CPU
		{85C79395-1BB9-44EB-BA59-D64474E5C366}.Release|iPhone.Build.0 = Release|Any CPU
		{85C79395-1BB9-44EB-BA59-D64474E5C366}.Release|iPhoneSimulator.ActiveCfg = Release|Any CPU
		{85C79395-1BB9-44EB-BA59-D64474E5C366}.Release|iPhoneSimulator.Build.0 = Release|Any CPU
		{85C79395-1BB9-44EB-BA59-D64474E5C366}.Release|x64.ActiveCfg = Release|x64
		{85C79395-1BB9-44EB-BA59-D64474E5C366}.Release|x64.Build.0 = Release|x64
		{85C79395-1BB9-44EB-BA59-D64474E5C366}.Release|x86.ActiveCfg = Release|x86
		{85C79395-1BB9-44EB-BA59-D64474E5C366}.Release|x86.Build.0 = Release|x86
	EndGlobalSection
	GlobalSection(SolutionProperties) = preSolution
		HideSolutionNode = FALSE
	EndGlobalSection
	GlobalSection(NestedProjects) = preSolution
		{86AFD04D-30E4-44AF-B465-30CA49C6033C} = {74E76450-2A19-4344-9E65-EC4A1E131783}
		{37971EB4-8167-4C6C-A0DD-6F9A2C3E474F} = {74E76450-2A19-4344-9E65-EC4A1E131783}
		{1C0353F6-AD85-4DFF-BB2F-245AA9ED355E} = {74E76450-2A19-4344-9E65-EC4A1E131783}
		{3F2C618B-0897-4B14-936F-4E64E3F60E1B} = {74E76450-2A19-4344-9E65-EC4A1E131783}
		{0367DD23-D6F9-4052-A353-C3A68F88E85E} = {CE225C89-0583-442E-9FF5-40914426E8B7}
		{BE8A189D-3947-4395-AF8D-D8685AB84FF2} = {CE225C89-0583-442E-9FF5-40914426E8B7}
		{0912853B-7711-44A4-8913-A040FCB93AA1} = {CE225C89-0583-442E-9FF5-40914426E8B7}
		{7286F725-9843-4557-BA5A-5B202E00489B} = {CE225C89-0583-442E-9FF5-40914426E8B7}
		{2211D3B4-3522-415D-9B78-15C2AD30BE32} = {D0576A38-5503-4E1C-9E71-5DD15B683414}
		{8231D850-4341-4EE5-8189-2FFE94C3B817} = {D0576A38-5503-4E1C-9E71-5DD15B683414}
		{1A2066A2-1606-474E-B86F-A31AFE13EF89} = {D0576A38-5503-4E1C-9E71-5DD15B683414}
		{85C79395-1BB9-44EB-BA59-D64474E5C366} = {D0576A38-5503-4E1C-9E71-5DD15B683414}
	EndGlobalSection
	GlobalSection(ExtensibilityGlobals) = postSolution
		SolutionGuid = {B4212170-A2E1-4483-B54B-4D7565CC6834}
	EndGlobalSection
EndGlobal
